{"SurveyEntry":{"SurveyID":"SV_0iZpGFUacWnuKZD","SurveyName":"Kalichman COVID-19 Assessment","SurveyDescription":null,"SurveyOwnerID":"UR_by1UsGrgsf5pYkB","SurveyBrandID":"nyu","DivisionID":null,"SurveyLanguage":"EN","SurveyActiveResponseSet":"RS_bBADLEaUD9uyt01","SurveyStatus":"Inactive","SurveyStartDate":"0000-00-00 00:00:00","SurveyExpirationDate":"0000-00-00 00:00:00","SurveyCreationDate":"2020-04-08 07:11:19","CreatorID":"UR_by1UsGrgsf5pYkB","LastModified":"2020-04-08 07:42:26","LastAccessed":"0000-00-00 00:00:00","LastActivated":"0000-00-00 00:00:00","Deleted":null},"SurveyElements":[{"SurveyID":"SV_0iZpGFUacWnuKZD","Element":"BL","PrimaryAttribute":"Survey Blocks","SecondaryAttribute":null,"TertiaryAttribute":null,"Payload":{"1":{"Type":"Trash","Description":"Trash \/ Unused Questions","ID":"BL_4TmTsBf4MwtWdQp","BlockElements":[{"Type":"Question","QuestionID":"QID4"},{"Type":"Question","QuestionID":"QID1"},{"Type":"Question","QuestionID":"QID2"},{"Type":"Question","QuestionID":"QID3"},{"Type":"Question","QuestionID":"QID6"},{"Type":"Question","QuestionID":"QID7"},{"Type":"Question","QuestionID":"QID20"}]},"2":{"Type":"Standard","SubType":"","Description":"I have a few questions I would like to ask you about your health and the health ","ID":"BL_55XkKfYaohYFRrL","BlockElements":[{"Type":"Question","QuestionID":"QID8"},{"Type":"Question","QuestionID":"QID5"},{"Type":"Question","QuestionID":"QID9"},{"Type":"Question","QuestionID":"QID10"},{"Type":"Question","QuestionID":"QID11"},{"Type":"Question","QuestionID":"QID12"},{"Type":"Question","QuestionID":"QID13"},{"Type":"Question","QuestionID":"QID14"},{"Type":"Question","QuestionID":"QID15"},{"Type":"Question","QuestionID":"QID16"},{"Type":"Question","QuestionID":"QID17"},{"Type":"Question","QuestionID":"QID18"},{"Type":"Question","QuestionID":"QID19"},{"Type":"Question","QuestionID":"QID21"},{"Type":"Question","QuestionID":"QID22"}]}}},{"SurveyID":"SV_0iZpGFUacWnuKZD","Element":"FL","PrimaryAttribute":"Survey Flow","SecondaryAttribute":null,"TertiaryAttribute":null,"Payload":{"Flow":[{"ID":"BL_55XkKfYaohYFRrL","Type":"Standard","FlowID":"FL_3"}],"Properties":{"Count":3},"FlowID":"FL_1","Type":"Root"}},{"SurveyID":"SV_0iZpGFUacWnuKZD","Element":"NT","PrimaryAttribute":"NT_2coCRZ2EiAKHA7r","SecondaryAttribute":null,"TertiaryAttribute":null,"Payload":{"Notes":[{"Message":"Please enter the year","ID":"NO_5anBoNNGUBt8KlD","UserID":"UR_by1UsGrgsf5pYkB","Timestamp":1586352004,"Removed":false}],"UserStatuses":{"UR_by1UsGrgsf5pYkB":"Collapsed"},"ParentID":"QID6","ID":"NT_2coCRZ2EiAKHA7r"}},{"SurveyID":"SV_0iZpGFUacWnuKZD","Element":"SO","PrimaryAttribute":"Survey Options","SecondaryAttribute":null,"TertiaryAttribute":null,"Payload":{"BackButton":"false","SaveAndContinue":"true","SurveyProtection":"PublicSurvey","BallotBoxStuffingPrevention":"false","NoIndex":"Yes","SecureResponseFiles":"true","SurveyExpiration":"None","SurveyTermination":"DefaultMessage","Header":"","Footer":"","ProgressBarDisplay":"None","PartialData":"+1 week","ValidationMessage":"","PreviousButton":" \u2190 ","NextButton":" \u2192 ","SurveyTitle":"Online Survey Software | Qualtrics Survey Solutions","SkinLibrary":"nyu","SkinType":"MQ","Skin":"nyu1","NewScoring":1}},{"SurveyID":"SV_0iZpGFUacWnuKZD","Element":"SCO","PrimaryAttribute":"Scoring","SecondaryAttribute":null,"TertiaryAttribute":null,"Payload":{"ScoringCategories":[],"ScoringCategoryGroups":[],"ScoringSummaryCategory":null,"ScoringSummaryAfterQuestions":0,"ScoringSummaryAfterSurvey":0,"DefaultScoringCategory":null,"AutoScoringCategory":null}},{"SurveyID":"SV_0iZpGFUacWnuKZD","Element":"PROJ","PrimaryAttribute":"CORE","SecondaryAttribute":null,"TertiaryAttribute":"1.1.0","Payload":{"ProjectCategory":"CORE","SchemaVersion":"1.1.0"}},{"SurveyID":"SV_0iZpGFUacWnuKZD","Element":"STAT","PrimaryAttribute":"Survey Statistics","SecondaryAttribute":null,"TertiaryAttribute":null,"Payload":{"MobileCompatible":true,"ID":"Survey Statistics"}},{"SurveyID":"SV_0iZpGFUacWnuKZD","Element":"QC","PrimaryAttribute":"Survey Question Count","SecondaryAttribute":"22","TertiaryAttribute":null,"Payload":null},{"SurveyID":"SV_0iZpGFUacWnuKZD","Element":"SQ","PrimaryAttribute":"QID1","SecondaryAttribute":"Click to write the question text","TertiaryAttribute":null,"Payload":{"QuestionText":"Click to write the question text","DataExportTag":"Q1","QuestionType":"MC","Selector":"SAVR","SubSelector":"TX","Configuration":{"QuestionDescriptionOption":"UseText"},"QuestionDescription":"Click to write the question text","Choices":{"1":{"Display":"Click to write Choice 1"},"2":{"Display":"Click to write Choice 2"},"3":{"Display":"Click to write Choice 3"}},"ChoiceOrder":["1","2","3"],"Validation":{"Settings":{"ForceResponse":"OFF","ForceResponseType":"ON","Type":"None"}},"Language":[],"NextChoiceId":4,"NextAnswerId":1,"QuestionID":"QID1"}},{"SurveyID":"SV_0iZpGFUacWnuKZD","Element":"SQ","PrimaryAttribute":"QID4","SecondaryAttribute":"Click to write the question text","TertiaryAttribute":null,"Payload":{"QuestionText":"Click to write the question text","DataExportTag":"Q4","QuestionType":"MC","Selector":"SAVR","SubSelector":"TX","Configuration":{"QuestionDescriptionOption":"UseText"},"QuestionDescription":"Click to write the question text","Choices":{"1":{"Display":"Click to write Choice 1"},"2":{"Display":"Click to write Choice 2"},"3":{"Display":"Click to write Choice 3"}},"ChoiceOrder":["1","2","3"],"Validation":{"Settings":{"ForceResponse":"OFF","ForceResponseType":"ON","Type":"None"}},"Language":[],"NextChoiceId":4,"NextAnswerId":1,"QuestionID":"QID4"}},{"SurveyID":"SV_0iZpGFUacWnuKZD","Element":"SQ","PrimaryAttribute":"QID20","SecondaryAttribute":"Click to write the question text","TertiaryAttribute":null,"Payload":{"QuestionText":"Click to write the question text","DefaultChoices":false,"DataExportTag":"Q20","QuestionID":"QID20","QuestionType":"DB","Selector":"TB","Configuration":{"QuestionDescriptionOption":"UseText"},"QuestionDescription":"Click to write the question text","ChoiceOrder":[],"Validation":{"Settings":{"Type":"None"}},"GradingData":[],"Language":[],"NextChoiceId":4,"NextAnswerId":1}},{"SurveyID":"SV_0iZpGFUacWnuKZD","Element":"RS","PrimaryAttribute":"RS_bBADLEaUD9uyt01","SecondaryAttribute":"Default Response Set","TertiaryAttribute":null,"Payload":null},{"SurveyID":"SV_0iZpGFUacWnuKZD","Element":"SQ","PrimaryAttribute":"QID15","SecondaryAttribute":"From 0 to 100, how concerned are you about catching the new CoronaVirus?","TertiaryAttribute":null,"Payload":{"QuestionText":"<span style=\"font-size:11.5pt;mso-bidi-font-size:11.0pt;\nfont-family:&quot;Arial&quot;,sans-serif;mso-fareast-font-family:Arial;mso-ansi-language:\nEN-US;mso-fareast-language:EN-US;mso-bidi-language:AR-SA\">From 0 to 100, how\nconcerned are you about catching the new CoronaVirus?<\/span>","DefaultChoices":false,"DataExportTag":"Q15","QuestionType":"Slider","Selector":"HSLIDER","Configuration":{"QuestionDescriptionOption":"UseText","CSSliderMin":0,"CSSliderMax":100,"GridLines":10,"SnapToGrid":false,"NumDecimals":"0","ShowValue":true,"CustomStart":false,"NotApplicable":false,"MobileFirst":true},"QuestionDescription":"From 0 to 100, how concerned are you about catching the new CoronaVirus?","Choices":{"1":{"Display":"Click to write Choice 1"}},"ChoiceOrder":[1],"Validation":{"Settings":{"ForceResponse":"OFF","ForceResponseType":"ON","Type":"None"}},"GradingData":[],"Language":[],"NextChoiceId":2,"NextAnswerId":3,"Labels":{"1":{"Display":"Not at all concerned"},"2":{"Display":"Extremely concerned"}},"QuestionID":"QID15"}},{"SurveyID":"SV_0iZpGFUacWnuKZD","Element":"SQ","PrimaryAttribute":"QID16","SecondaryAttribute":"From 0 to 100, how concerned are you about someone you know catching the new CoronaVirus?","TertiaryAttribute":null,"Payload":{"QuestionText":"<span style=\"font-size:11.5pt;mso-bidi-font-size:11.0pt;\nfont-family:&quot;Arial&quot;,sans-serif;mso-fareast-font-family:Arial;mso-ansi-language:\nEN-US;mso-fareast-language:EN-US;mso-bidi-language:AR-SA\">From 0 to 100, how\nconcerned are you about someone you know catching the new CoronaVirus?<\/span>","DefaultChoices":false,"DataExportTag":"Q16","QuestionID":"QID16","QuestionType":"Slider","Selector":"HSLIDER","Configuration":{"QuestionDescriptionOption":"UseText","CSSliderMin":0,"CSSliderMax":100,"GridLines":10,"SnapToGrid":false,"NumDecimals":"0","ShowValue":true,"CustomStart":false,"NotApplicable":false,"MobileFirst":true},"QuestionDescription":"From 0 to 100, how concerned are you about someone you know catching the new CoronaVirus?","Choices":{"1":{"Display":"Click to write Choice 1"}},"ChoiceOrder":[1],"Validation":{"Settings":{"ForceResponse":"OFF","ForceResponseType":"ON","Type":"None"}},"GradingData":[],"Language":[],"NextChoiceId":2,"NextAnswerId":3,"Labels":{"1":{"Display":"Not at all concerned "},"2":{"Display":"Extremely concerned"}}}},{"SurveyID":"SV_0iZpGFUacWnuKZD","Element":"SQ","PrimaryAttribute":"QID14","SecondaryAttribute":"Have you been diagnosed or had the CoronaVirus?","TertiaryAttribute":null,"Payload":{"QuestionText":"<span style=\"font-size:11.5pt;mso-bidi-font-size:11.0pt;\nfont-family:&quot;Arial&quot;,sans-serif;mso-fareast-font-family:Arial;mso-ansi-language:\nEN-US;mso-fareast-language:EN-US;mso-bidi-language:AR-SA\">Have you been\ndiagnosed or had the CoronaVirus?<\/span>","DataExportTag":"Q14","QuestionType":"MC","Selector":"SAVR","SubSelector":"TX","Configuration":{"QuestionDescriptionOption":"UseText","Autoscale":{"YScale":{"Name":"yesNo","Type":"likert","Reverse":false}}},"QuestionDescription":"Have you been diagnosed or had the CoronaVirus?","Choices":{"1":{"Display":"Yes"},"2":{"Display":"No"}},"ChoiceOrder":[1,2],"Validation":{"Settings":{"ForceResponse":"OFF","ForceResponseType":"ON","Type":"None"}},"Language":[],"NextChoiceId":3,"NextAnswerId":1,"QuestionID":"QID14"}},{"SurveyID":"SV_0iZpGFUacWnuKZD","Element":"SQ","PrimaryAttribute":"QID5","SecondaryAttribute":"Have you ever had a Flu vaccine?","TertiaryAttribute":null,"Payload":{"QuestionText":"<span style=\"font-size:11.5pt;mso-bidi-font-size:11.0pt;\nfont-family:&quot;Arial&quot;,sans-serif;mso-fareast-font-family:Arial;mso-ansi-language:\nEN-US;mso-fareast-language:EN-US;mso-bidi-language:AR-SA\">Have you ever had a\nFlu vaccine?<\/span>","DataExportTag":"Q5","QuestionType":"MC","Selector":"SAVR","SubSelector":"TX","Configuration":{"QuestionDescriptionOption":"UseText","Autoscale":{"YScale":{"Name":"yesNo","Type":"likert","Reverse":false}}},"QuestionDescription":"Have you ever had a Flu vaccine?","Choices":{"1":{"Display":"Yes"},"2":{"Display":"No"}},"ChoiceOrder":[1,2],"Validation":{"Settings":{"ForceResponse":"OFF","ForceResponseType":"ON","Type":"None"}},"Language":[],"NextChoiceId":3,"NextAnswerId":1,"QuestionID":"QID5"}},{"SurveyID":"SV_0iZpGFUacWnuKZD","Element":"SQ","PrimaryAttribute":"QID7","SecondaryAttribute":"Have you heard of CoronaVirus, or Covid-19, a new viral infection affecting the community?","TertiaryAttribute":null,"Payload":{"QuestionText":"<table class=\"UserTable\">\n <tbody><tr>\n  <td>\n  <p><span style=\"font-size:11.5pt;mso-bidi-font-size:\n  11.0pt\">Have you heard of CoronaVirus, or Covid-19, a new viral infection\n  affecting the community?<o:p><\/o:p><\/span><\/p>\n  <\/td>\n <\/tr>\n<\/tbody><\/table>","DataExportTag":"Q7","QuestionType":"MC","Selector":"SAVR","SubSelector":"TX","Configuration":{"QuestionDescriptionOption":"UseText","Autoscale":{"YScale":{"Name":"yesNo","Type":"likert","Reverse":false}}},"QuestionDescription":"Have you heard of CoronaVirus, or Covid-19, a new viral infection affecting the community?","Choices":{"1":{"Display":"Yes"},"2":{"Display":"No"}},"ChoiceOrder":[1,2],"Validation":{"Settings":{"ForceResponse":"OFF","ForceResponseType":"ON","Type":"None"}},"Language":[],"NextChoiceId":3,"NextAnswerId":1,"QuestionID":"QID7"}},{"SurveyID":"SV_0iZpGFUacWnuKZD","Element":"SQ","PrimaryAttribute":"QID10","SecondaryAttribute":"Have you heard of CoronaVirus, or Covid-19, a new viral infection affecting the community?","TertiaryAttribute":null,"Payload":{"QuestionText":"<span style=\"font-size:11.5pt;mso-bidi-font-size:11.0pt;\nfont-family:&quot;Arial&quot;,sans-serif;mso-fareast-font-family:Arial;mso-ansi-language:\nEN-US;mso-fareast-language:EN-US;mso-bidi-language:AR-SA\">Have you heard of\nCoronaVirus, or Covid-19, a new viral infection affecting the community?<\/span>","DataExportTag":"Q10","QuestionType":"MC","Selector":"SAVR","SubSelector":"TX","Configuration":{"QuestionDescriptionOption":"UseText","Autoscale":{"YScale":{"Name":"yesNo","Type":"likert","Reverse":false}}},"QuestionDescription":"Have you heard of CoronaVirus, or Covid-19, a new viral infection affecting the community?","Choices":{"1":{"Display":"Yes"},"2":{"Display":"No"}},"ChoiceOrder":[1,2],"Validation":{"Settings":{"ForceResponse":"OFF","ForceResponseType":"ON","Type":"None"}},"Language":[],"NextChoiceId":3,"NextAnswerId":1,"QuestionID":"QID10"}},{"SurveyID":"SV_0iZpGFUacWnuKZD","Element":"SQ","PrimaryAttribute":"QID13","SecondaryAttribute":"Have you received a test for CoronaVirus\/Covid- 19?","TertiaryAttribute":null,"Payload":{"QuestionText":"<span style=\"font-size:11.5pt;mso-bidi-font-size:11.0pt;\nfont-family:&quot;Arial&quot;,sans-serif;mso-fareast-font-family:Arial;mso-ansi-language:\nEN-US;mso-fareast-language:EN-US;mso-bidi-language:AR-SA\">Have you received a\ntest for CoronaVirus\/Covid- 19?<\/span>","DataExportTag":"Q13","QuestionType":"MC","Selector":"SAVR","SubSelector":"TX","Configuration":{"QuestionDescriptionOption":"UseText","Autoscale":{"YScale":{"Name":"yesNo","Type":"likert","Reverse":false}}},"QuestionDescription":"Have you received a test for CoronaVirus\/Covid- 19?","Choices":{"1":{"Display":"Yes"},"2":{"Display":"No"}},"ChoiceOrder":[1,2],"Validation":{"Settings":{"ForceResponse":"OFF","ForceResponseType":"ON","Type":"None"}},"Language":[],"NextChoiceId":3,"NextAnswerId":1,"QuestionID":"QID13"}},{"SurveyID":"SV_0iZpGFUacWnuKZD","Element":"SQ","PrimaryAttribute":"QID12","SecondaryAttribute":"How much have heard about CoronaVirus \/Covid- 19?","TertiaryAttribute":null,"Payload":{"QuestionText":"<span style=\"font-size:11.5pt;mso-bidi-font-size:11.0pt;\nfont-family:&quot;Arial&quot;,sans-serif;mso-fareast-font-family:Arial;mso-ansi-language:\nEN-US;mso-fareast-language:EN-US;mso-bidi-language:AR-SA\">How much have heard\nabout CoronaVirus \/Covid- 19?<\/span>","DataExportTag":"Q12","QuestionType":"MC","Selector":"SAVR","SubSelector":"TX","Configuration":{"QuestionDescriptionOption":"UseText"},"QuestionDescription":"How much have heard about CoronaVirus \/Covid- 19?","Choices":{"1":{"Display":"Not much"},"2":{"Display":"Some"},"3":{"Display":"A great deal"}},"ChoiceOrder":[1,2,3],"Validation":{"Settings":{"ForceResponse":"OFF","ForceResponseType":"ON","Type":"None"}},"Language":[],"NextChoiceId":4,"NextAnswerId":1,"QuestionID":"QID12","DefaultChoices":false,"GradingData":[]}},{"SurveyID":"SV_0iZpGFUacWnuKZD","Element":"SQ","PrimaryAttribute":"QID8","SecondaryAttribute":"I have a few questions I would like to ask you about your health and the health of others.","TertiaryAttribute":null,"Payload":{"QuestionText":"<span style=\"font-size:11.5pt;mso-bidi-font-size:11.0pt;\nfont-family:&quot;Arial&quot;,sans-serif;mso-fareast-font-family:Arial;mso-ansi-language:\nEN-US;mso-fareast-language:EN-US;mso-bidi-language:AR-SA\">I have a few\nquestions I would like to ask you about your health and the health of others.<\/span>","DefaultChoices":false,"DataExportTag":"Q8","QuestionType":"DB","Selector":"TB","Configuration":{"QuestionDescriptionOption":"UseText"},"QuestionDescription":"I have a few questions I would like to ask you about your health and the health of others.","ChoiceOrder":[],"Validation":{"Settings":{"Type":"None"}},"GradingData":[],"Language":[],"NextChoiceId":4,"NextAnswerId":1,"QuestionID":"QID8"}},{"SurveyID":"SV_0iZpGFUacWnuKZD","Element":"SQ","PrimaryAttribute":"QID11","SecondaryAttribute":"IF NO, HAS NOT HEARD OF CORONAVIRUS, STOP HERE","TertiaryAttribute":null,"Payload":{"QuestionText":"<strong>IF NO, HAS NOT HEARD OF CORONAVIRUS, STOP HERE<\/strong>","DefaultChoices":false,"DataExportTag":"Q11","QuestionType":"DB","Selector":"TB","Configuration":{"QuestionDescriptionOption":"UseText"},"QuestionDescription":"IF NO, HAS NOT HEARD OF CORONAVIRUS, STOP HERE","ChoiceOrder":[],"Validation":{"Settings":{"Type":"None"}},"GradingData":[],"Language":[],"NextChoiceId":4,"NextAnswerId":1,"QuestionID":"QID11"}},{"SurveyID":"SV_0iZpGFUacWnuKZD","Element":"SQ","PrimaryAttribute":"QID6","SecondaryAttribute":"If Yes, when was the last time you had a flu vaccine? Please enter the year","TertiaryAttribute":null,"Payload":{"QuestionText":"<span style=\"font-size:11.5pt;mso-bidi-font-size:11.0pt;\nfont-family:&quot;Arial&quot;,sans-serif;mso-fareast-font-family:Arial;mso-ansi-language:\nEN-US;mso-fareast-language:EN-US;mso-bidi-language:AR-SA\">If Yes, when was the\nlast time you had a flu vaccine? Please enter the year<\/span>","DefaultChoices":false,"DataExportTag":"Q6","QuestionType":"TE","Selector":"SL","Configuration":{"QuestionDescriptionOption":"UseText"},"QuestionDescription":"If Yes, when was the last time you had a flu vaccine? Please enter the year","Validation":{"Settings":{"ForceResponse":"OFF","ForceResponseType":"ON","Type":"None"}},"GradingData":[],"Language":[],"NextChoiceId":4,"NextAnswerId":1,"SearchSource":{"AllowFreeResponse":"false"},"QuestionID":"QID6"}},{"SurveyID":"SV_0iZpGFUacWnuKZD","Element":"SQ","PrimaryAttribute":"QID9","SecondaryAttribute":"If Yes, when was thelast time you had a flu vaccine?","TertiaryAttribute":null,"Payload":{"QuestionText":"<span style=\"font-size:11.5pt;mso-bidi-font-size:11.0pt;\nfont-family:&quot;Arial&quot;,sans-serif;mso-fareast-font-family:Arial;mso-ansi-language:\nEN-US;mso-fareast-language:EN-US;mso-bidi-language:AR-SA\">If Yes, when was the\nlast time you had a flu vaccine? Please enter the year<\/span>","DefaultChoices":false,"DataExportTag":"Q9","QuestionType":"TE","Selector":"SL","Configuration":{"QuestionDescriptionOption":"SpecifyLabel"},"QuestionDescription":"If Yes, when was thelast time you had a flu vaccine?","Validation":{"Settings":{"ForceResponse":"OFF","ForceResponseType":"ON","Type":"None"}},"GradingData":[],"Language":[],"NextChoiceId":4,"NextAnswerId":1,"SearchSource":{"AllowFreeResponse":"false"},"QuestionID":"QID9"}},{"SurveyID":"SV_0iZpGFUacWnuKZD","Element":"SQ","PrimaryAttribute":"QID3","SecondaryAttribute":"PID","TertiaryAttribute":null,"Payload":{"QuestionText":"PID","DefaultChoices":false,"DataExportTag":"Q3","QuestionType":"TE","Selector":"SL","Configuration":{"QuestionDescriptionOption":"UseText"},"QuestionDescription":"PID","Validation":{"Settings":{"ForceResponse":"OFF","ForceResponseType":"ON","Type":"None"}},"GradingData":[],"Language":[],"NextChoiceId":4,"NextAnswerId":1,"SearchSource":{"AllowFreeResponse":"false"},"QuestionID":"QID3"}},{"SurveyID":"SV_0iZpGFUacWnuKZD","Element":"SQ","PrimaryAttribute":"QID2","SecondaryAttribute":"Select a Date: (Note, this question is intelligent about month lengths and leap years. You can se...","TertiaryAttribute":null,"Payload":{"QuestionText":"Select a Date:<div><br><\/div><div>(Note, this question is intelligent about month lengths and leap years. You can set the year range by editing the first lines in the JS editor)<\/div>","QuestionJS":"Qualtrics.SurveyEngine.addOnload(function()\n{\n  \n  \/\/Set years you would like to have available \n  \n  var yearFirst = 1900; \/\/min is 1900\n  var yearLast = 2049; \/\/max is 2049\n  \n  \/\/This remains unchanged\n  var qid=this.questionId;\n  var mo=document.getElementsByName('QR~'+qid+'~1')[0];\n  var day=document.getElementsByName('QR~'+qid+'~2')[0];\n  var yr=document.getElementsByName('QR~'+qid+'~3')[0];\n  \n  var mos=mo.getElementsByTagName(\"option\");\n  var days=day.getElementsByTagName(\"option\");\n  var yrs=yr.getElementsByTagName(\"option\");\n  \n  \/\/hide impossibles\n  for(i=13;i<=150;i++)\n  {\n    mo.removeChild(mos[13]);\n  }\n  for(i=32;i<=150;i++)\n  {\n    day.removeChild(days[32]);\n  }\n  var j = yearLast-1898;\n  for(i=j;i<151;i++)\n  {\n    yr.removeChild(yrs[j]);\n  }\n  \n  for(i=1;i<=yearFirst-1900;i++)\n  {\n    yr.removeChild(yrs[1]);\n  }\n  \n  function fixer()\n  {\n    day.options[29].disabled=0;\n    day.options[30].disabled=0;\n    day.options[31].disabled=0; \n    if(mo.selectedIndex==2||mo.selectedIndex==4||mo.selectedIndex==6||mo.selectedIndex==9||mo.selectedIndex==11){\n      day.options[31].disabled=1;\n      if(day.selectedIndex==31){day.selectedIndex=30};\n      if(mo.selectedIndex==2)\n      {\n        day.options[30].disabled=1;\n        if(day.selectedIndex==30){day.selectedIndex=29};                      \n        if(parseInt(yr.options[yr.selectedIndex].innerHTML,10)%4!=0)\n        {\n          day.options[29].disabled=1;\n          if(day.selectedIndex==29){day.selectedIndex=28}; \n        }\n        else\n        {\n          day.options[29].disabled=0;\n        }\n      }\n    }    \n  }\n  yr.onchange=function(){fixer();};\n  mo.onchange=function(){fixer();};\n});","DefaultChoices":false,"DataExportTag":"Q1","QuestionType":"Matrix","Selector":"Profile","SubSelector":"DL","DataVisibility":{"Private":false,"Hidden":false},"Configuration":{"QuestionDescriptionOption":"UseText","TextPosition":"inline","ChoiceColumnWidth":25,"MobileFirst":false},"QuestionDescription":"Select a Date: (Note, this question is intelligent about month lengths and leap years. You can se...","Choices":{"1":{"Display":"Month"},"2":{"Display":"Day"},"3":{"Display":"Year"}},"ChoiceOrder":[1,2,3],"Validation":{"Settings":{"ForceResponse":"OFF","ForceResponseType":"ON","Type":"None"}},"GradingData":[],"Language":[],"NextChoiceId":4,"NextAnswerId":151,"Answers":{"1":{"1":{"Display":"January"},"2":{"Display":"February"},"3":{"Display":"March"},"4":{"Display":"April"},"5":{"Display":"May"},"6":{"Display":"June"},"7":{"Display":"July"},"8":{"Display":"August"},"9":{"Display":"September"},"10":{"Display":"October"},"11":{"Display":"November"},"12":{"Display":"December"},"13":{"Display":"&nbsp;"},"14":{"Display":"&nbsp;"},"15":{"Display":"&nbsp;"},"16":{"Display":"&nbsp;"},"17":{"Display":"&nbsp;"},"18":{"Display":"&nbsp;"},"19":{"Display":"&nbsp;"},"20":{"Display":"&nbsp;"},"21":{"Display":"&nbsp;"},"22":{"Display":"&nbsp;"},"23":{"Display":"&nbsp;"},"24":{"Display":"&nbsp;"},"25":{"Display":"&nbsp;"},"26":{"Display":"&nbsp;"},"27":{"Display":"&nbsp;"},"28":{"Display":"&nbsp;"},"29":{"Display":"&nbsp;"},"30":{"Display":"&nbsp;"},"31":{"Display":"&nbsp;"},"32":{"Display":"&nbsp;"},"33":{"Display":"&nbsp;"},"34":{"Display":"&nbsp;"},"35":{"Display":"&nbsp;"},"36":{"Display":"&nbsp;"},"37":{"Display":"&nbsp;"},"38":{"Display":"&nbsp;"},"39":{"Display":"&nbsp;"},"40":{"Display":"&nbsp;"},"41":{"Display":"&nbsp;"},"42":{"Display":"&nbsp;"},"43":{"Display":"&nbsp;"},"44":{"Display":"&nbsp;"},"45":{"Display":"&nbsp;"},"46":{"Display":"&nbsp;"},"47":{"Display":"&nbsp;"},"48":{"Display":"&nbsp;"},"49":{"Display":"&nbsp;"},"50":{"Display":"&nbsp;"},"51":{"Display":"&nbsp;"},"52":{"Display":"&nbsp;"},"53":{"Display":"&nbsp;"},"54":{"Display":"&nbsp;"},"55":{"Display":"&nbsp;"},"56":{"Display":"&nbsp;"},"57":{"Display":"&nbsp;"},"58":{"Display":"&nbsp;"},"59":{"Display":"&nbsp;"},"60":{"Display":"&nbsp;"},"61":{"Display":"&nbsp;"},"62":{"Display":"&nbsp;"},"63":{"Display":"&nbsp;"},"64":{"Display":"&nbsp;"},"65":{"Display":"&nbsp;"},"66":{"Display":"&nbsp;"},"67":{"Display":"&nbsp;"},"68":{"Display":"&nbsp;"},"69":{"Display":"&nbsp;"},"70":{"Display":"&nbsp;"},"71":{"Display":"&nbsp;"},"72":{"Display":"&nbsp;"},"73":{"Display":"&nbsp;"},"74":{"Display":"&nbsp;"},"75":{"Display":"&nbsp;"},"76":{"Display":"&nbsp;"},"77":{"Display":"&nbsp;"},"78":{"Display":"&nbsp;"},"79":{"Display":"&nbsp;"},"80":{"Display":"&nbsp;"},"81":{"Display":"&nbsp;"},"82":{"Display":"&nbsp;"},"83":{"Display":"&nbsp;"},"84":{"Display":"&nbsp;"},"85":{"Display":"&nbsp;"},"86":{"Display":"&nbsp;"},"87":{"Display":"&nbsp;"},"88":{"Display":"&nbsp;"},"89":{"Display":"&nbsp;"},"90":{"Display":"&nbsp;"},"91":{"Display":"&nbsp;"},"92":{"Display":"&nbsp;"},"93":{"Display":"&nbsp;"},"94":{"Display":"&nbsp;"},"95":{"Display":"&nbsp;"},"96":{"Display":"&nbsp;"},"97":{"Display":"&nbsp;"},"98":{"Display":"&nbsp;"},"99":{"Display":"&nbsp;"},"100":{"Display":"&nbsp;"},"101":{"Display":"&nbsp;"},"102":{"Display":"&nbsp;"},"103":{"Display":"&nbsp;"},"104":{"Display":"&nbsp;"},"105":{"Display":"&nbsp;"},"106":{"Display":"&nbsp;"},"107":{"Display":"&nbsp;"},"108":{"Display":"&nbsp;"},"109":{"Display":"&nbsp;"},"110":{"Display":"&nbsp;"},"111":{"Display":"&nbsp;"},"112":{"Display":"&nbsp;"},"113":{"Display":"&nbsp;"},"114":{"Display":"&nbsp;"},"115":{"Display":"&nbsp;"},"116":{"Display":"&nbsp;"},"117":{"Display":"&nbsp;"},"118":{"Display":"&nbsp;"},"119":{"Display":"&nbsp;"},"120":{"Display":"&nbsp;"},"121":{"Display":"&nbsp;"},"122":{"Display":"&nbsp;"},"123":{"Display":"&nbsp;"},"124":{"Display":"&nbsp;"},"125":{"Display":"&nbsp;"},"126":{"Display":"&nbsp;"},"127":{"Display":"&nbsp;"},"128":{"Display":"&nbsp;"},"129":{"Display":"&nbsp;"},"130":{"Display":"&nbsp;"},"131":{"Display":"&nbsp;"},"132":{"Display":"&nbsp;"},"133":{"Display":"&nbsp;"},"134":{"Display":"&nbsp;"},"135":{"Display":"&nbsp;"},"136":{"Display":"&nbsp;"},"137":{"Display":"&nbsp;"},"138":{"Display":"&nbsp;"},"139":{"Display":"&nbsp;"},"140":{"Display":"&nbsp;"},"141":{"Display":"&nbsp;"},"142":{"Display":"&nbsp;"},"143":{"Display":"&nbsp;"},"144":{"Display":"&nbsp;"},"145":{"Display":"&nbsp;"},"146":{"Display":"&nbsp;"},"147":{"Display":"&nbsp;"},"148":{"Display":"&nbsp;"},"149":{"Display":"&nbsp;"},"150":{"Display":"&nbsp;"}},"2":{"1":{"Display":"1"},"2":{"Display":"2"},"3":{"Display":"3"},"4":{"Display":"4"},"5":{"Display":"5"},"6":{"Display":"6"},"7":{"Display":"7"},"8":{"Display":"8"},"9":{"Display":"9"},"10":{"Display":"10"},"11":{"Display":"11"},"12":{"Display":"12"},"13":{"Display":"13"},"14":{"Display":"14"},"15":{"Display":"15"},"16":{"Display":"16"},"17":{"Display":"17"},"18":{"Display":"18"},"19":{"Display":"19"},"20":{"Display":"20"},"21":{"Display":"21"},"22":{"Display":"22"},"23":{"Display":"23"},"24":{"Display":"24"},"25":{"Display":"25"},"26":{"Display":"26"},"27":{"Display":"27"},"28":{"Display":"28"},"29":{"Display":"29"},"30":{"Display":"30"},"31":{"Display":"31"},"32":{"Display":"&nbsp;"},"33":{"Display":"&nbsp;"},"34":{"Display":"&nbsp;"},"35":{"Display":"&nbsp;"},"36":{"Display":"&nbsp;"},"37":{"Display":"&nbsp;"},"38":{"Display":"&nbsp;"},"39":{"Display":"&nbsp;"},"40":{"Display":"&nbsp;"},"41":{"Display":"&nbsp;"},"42":{"Display":"&nbsp;"},"43":{"Display":"&nbsp;"},"44":{"Display":"&nbsp;"},"45":{"Display":"&nbsp;"},"46":{"Display":"&nbsp;"},"47":{"Display":"&nbsp;"},"48":{"Display":"&nbsp;"},"49":{"Display":"&nbsp;"},"50":{"Display":"&nbsp;"},"51":{"Display":"&nbsp;"},"52":{"Display":"&nbsp;"},"53":{"Display":"&nbsp;"},"54":{"Display":"&nbsp;"},"55":{"Display":"&nbsp;"},"56":{"Display":"&nbsp;"},"57":{"Display":"&nbsp;"},"58":{"Display":"&nbsp;"},"59":{"Display":"&nbsp;"},"60":{"Display":"&nbsp;"},"61":{"Display":"&nbsp;"},"62":{"Display":"&nbsp;"},"63":{"Display":"&nbsp;"},"64":{"Display":"&nbsp;"},"65":{"Display":"&nbsp;"},"66":{"Display":"&nbsp;"},"67":{"Display":"&nbsp;"},"68":{"Display":"&nbsp;"},"69":{"Display":"&nbsp;"},"70":{"Display":"&nbsp;"},"71":{"Display":"&nbsp;"},"72":{"Display":"&nbsp;"},"73":{"Display":"&nbsp;"},"74":{"Display":"&nbsp;"},"75":{"Display":"&nbsp;"},"76":{"Display":"&nbsp;"},"77":{"Display":"&nbsp;"},"78":{"Display":"&nbsp;"},"79":{"Display":"&nbsp;"},"80":{"Display":"&nbsp;"},"81":{"Display":"&nbsp;"},"82":{"Display":"&nbsp;"},"83":{"Display":"&nbsp;"},"84":{"Display":"&nbsp;"},"85":{"Display":"&nbsp;"},"86":{"Display":"&nbsp;"},"87":{"Display":"&nbsp;"},"88":{"Display":"&nbsp;"},"89":{"Display":"&nbsp;"},"90":{"Display":"&nbsp;"},"91":{"Display":"&nbsp;"},"92":{"Display":"&nbsp;"},"93":{"Display":"&nbsp;"},"94":{"Display":"&nbsp;"},"95":{"Display":"&nbsp;"},"96":{"Display":"&nbsp;"},"97":{"Display":"&nbsp;"},"98":{"Display":"&nbsp;"},"99":{"Display":"&nbsp;"},"100":{"Display":"&nbsp;"},"101":{"Display":"&nbsp;"},"102":{"Display":"&nbsp;"},"103":{"Display":"&nbsp;"},"104":{"Display":"&nbsp;"},"105":{"Display":"&nbsp;"},"106":{"Display":"&nbsp;"},"107":{"Display":"&nbsp;"},"108":{"Display":"&nbsp;"},"109":{"Display":"&nbsp;"},"110":{"Display":"&nbsp;"},"111":{"Display":"&nbsp;"},"112":{"Display":"&nbsp;"},"113":{"Display":"&nbsp;"},"114":{"Display":"&nbsp;"},"115":{"Display":"&nbsp;"},"116":{"Display":"&nbsp;"},"117":{"Display":"&nbsp;"},"118":{"Display":"&nbsp;"},"119":{"Display":"&nbsp;"},"120":{"Display":"&nbsp;"},"121":{"Display":"&nbsp;"},"122":{"Display":"&nbsp;"},"123":{"Display":"&nbsp;"},"124":{"Display":"&nbsp;"},"125":{"Display":"&nbsp;"},"126":{"Display":"&nbsp;"},"127":{"Display":"&nbsp;"},"128":{"Display":"&nbsp;"},"129":{"Display":"&nbsp;"},"130":{"Display":"&nbsp;"},"131":{"Display":"&nbsp;"},"132":{"Display":"&nbsp;"},"133":{"Display":"&nbsp;"},"134":{"Display":"&nbsp;"},"135":{"Display":"&nbsp;"},"136":{"Display":"&nbsp;"},"137":{"Display":"&nbsp;"},"138":{"Display":"&nbsp;"},"139":{"Display":"&nbsp;"},"140":{"Display":"&nbsp;"},"141":{"Display":"&nbsp;"},"142":{"Display":"&nbsp;"},"143":{"Display":"&nbsp;"},"144":{"Display":"&nbsp;"},"145":{"Display":"&nbsp;"},"146":{"Display":"&nbsp;"},"147":{"Display":"&nbsp;"},"148":{"Display":"&nbsp;"},"149":{"Display":"&nbsp;"},"150":{"Display":"&nbsp;"}},"3":{"1":{"Display":"1900"},"2":{"Display":"1901"},"3":{"Display":"1902"},"4":{"Display":"1903"},"5":{"Display":"1904"},"6":{"Display":"1905"},"7":{"Display":"1906"},"8":{"Display":"1907"},"9":{"Display":"1908"},"10":{"Display":"1909"},"11":{"Display":"1910"},"12":{"Display":"1911"},"13":{"Display":"1912"},"14":{"Display":"1913"},"15":{"Display":"1914"},"16":{"Display":"1915"},"17":{"Display":"1916"},"18":{"Display":"1917"},"19":{"Display":"1918"},"20":{"Display":"1919"},"21":{"Display":"1920"},"22":{"Display":"1921"},"23":{"Display":"1922"},"24":{"Display":"1923"},"25":{"Display":"1924"},"26":{"Display":"1925"},"27":{"Display":"1926"},"28":{"Display":"1927"},"29":{"Display":"1928"},"30":{"Display":"1929"},"31":{"Display":"1930"},"32":{"Display":"1931"},"33":{"Display":"1932"},"34":{"Display":"1933"},"35":{"Display":"1934"},"36":{"Display":"1935"},"37":{"Display":"1936"},"38":{"Display":"1937"},"39":{"Display":"1938"},"40":{"Display":"1939"},"41":{"Display":"1940"},"42":{"Display":"1941"},"43":{"Display":"1942"},"44":{"Display":"1943"},"45":{"Display":"1944"},"46":{"Display":"1945"},"47":{"Display":"1946"},"48":{"Display":"1947"},"49":{"Display":"1948"},"50":{"Display":"1949"},"51":{"Display":"1950"},"52":{"Display":"1951"},"53":{"Display":"1952"},"54":{"Display":"1953"},"55":{"Display":"1954"},"56":{"Display":"1955"},"57":{"Display":"1956"},"58":{"Display":"1957"},"59":{"Display":"1958"},"60":{"Display":"1959"},"61":{"Display":"1960"},"62":{"Display":"1961"},"63":{"Display":"1962"},"64":{"Display":"1963"},"65":{"Display":"1964"},"66":{"Display":"1965"},"67":{"Display":"1966"},"68":{"Display":"1967"},"69":{"Display":"1968"},"70":{"Display":"1969"},"71":{"Display":"1970"},"72":{"Display":"1971"},"73":{"Display":"1972"},"74":{"Display":"1973"},"75":{"Display":"1974"},"76":{"Display":"1975"},"77":{"Display":"1976"},"78":{"Display":"1977"},"79":{"Display":"1978"},"80":{"Display":"1979"},"81":{"Display":"1980"},"82":{"Display":"1981"},"83":{"Display":"1982"},"84":{"Display":"1983"},"85":{"Display":"1984"},"86":{"Display":"1985"},"87":{"Display":"1986"},"88":{"Display":"1987"},"89":{"Display":"1988"},"90":{"Display":"1989"},"91":{"Display":"1990"},"92":{"Display":"1991"},"93":{"Display":"1992"},"94":{"Display":"1993"},"95":{"Display":"1994"},"96":{"Display":"1995"},"97":{"Display":"1996"},"98":{"Display":"1997"},"99":{"Display":"1998"},"100":{"Display":"1999"},"101":{"Display":"2000"},"102":{"Display":"2001"},"103":{"Display":"2002"},"104":{"Display":"2003"},"105":{"Display":"2004"},"106":{"Display":"2005"},"107":{"Display":"2006"},"108":{"Display":"2007"},"109":{"Display":"2008"},"110":{"Display":"2009"},"111":{"Display":"2010"},"112":{"Display":"2011"},"113":{"Display":"2012"},"114":{"Display":"2013"},"115":{"Display":"2014"},"116":{"Display":"2015"},"117":{"Display":"2016"},"118":{"Display":"2017"},"119":{"Display":"2018"},"120":{"Display":"2019"},"121":{"Display":"2020"},"122":{"Display":"2021"},"123":{"Display":"2022"},"124":{"Display":"2023"},"125":{"Display":"2024"},"126":{"Display":"2025"},"127":{"Display":"2026"},"128":{"Display":"2027"},"129":{"Display":"2028"},"130":{"Display":"2029"},"131":{"Display":"2030"},"132":{"Display":"2031"},"133":{"Display":"2032"},"134":{"Display":"2033"},"135":{"Display":"2034"},"136":{"Display":"2035"},"137":{"Display":"2036"},"138":{"Display":"2037"},"139":{"Display":"2038"},"140":{"Display":"2039"},"141":{"Display":"2040"},"142":{"Display":"2041"},"143":{"Display":"2042"},"144":{"Display":"2043"},"145":{"Display":"2044"},"146":{"Display":"2045"},"147":{"Display":"2046"},"148":{"Display":"2047"},"149":{"Display":"2048"},"150":{"Display":"2049"}}},"AnswerOrder":["1","2","3","4","5","6","7","8","9","10","11","12","13","14","15","16","17","18","19","20","21","22","23","24","25","26","27","28","29","30","31","32","33","34","35","36","37","38","39","40","41","42","43","44","45","46","47","48","49","50","51","52","53","54","55","56","57","58","59","60","61","62","63","64","65","66","67","68","69","70","71","72","73","74","75","76","77","78","79","80","81","82","83","84","85","86","87","88","89","90","91","92","93","94","95","96","97","98","99","100","101","102","103","104","105","106","107","108","109","110","111","112","113","114","115","116","117","118","119","120","121","122","123","124","125","126","127","128","129","130","131","132","133","134","135","136","137","138","139","140","141","142","143","144","145","146","147","148","149","150"],"AnswerColumns":150,"ChoiceDataExportTags":false,"QuestionID":"QID2"}},{"SurveyID":"SV_0iZpGFUacWnuKZD","Element":"SQ","PrimaryAttribute":"QID22","SecondaryAttribute":"The following ask your opinion regarding the new CoronaVirus. How much do you agree or disagree w...","TertiaryAttribute":null,"Payload":{"QuestionText":"<span style=\"font-size:12.0pt;mso-bidi-font-size:11.0pt;\nfont-family:&quot;Arial&quot;,sans-serif;mso-fareast-font-family:Arial;mso-ansi-language:\nEN-US;mso-fareast-language:EN-US;mso-bidi-language:AR-SA\">The following ask\nyour opinion regarding the new CoronaVirus. How much do you agree or disagree\nwith each statement? We are interested in your opinion. There are no right or\nwrong answers.<\/span>","DefaultChoices":false,"DataExportTag":"Q22","QuestionType":"Matrix","Selector":"Likert","SubSelector":"SingleAnswer","Configuration":{"QuestionDescriptionOption":"UseText","TextPosition":"inline","ChoiceColumnWidth":25,"RepeatHeaders":"none","WhiteSpace":"OFF","MobileFirst":true},"QuestionDescription":"The following ask your opinion regarding the new CoronaVirus. How much do you agree or disagree w...","Choices":{"1":{"Display":"It should be a crime for people who know they have the virus but do not take steps to prevent from spreading it."},"2":{"Display":"People who test positive for the new virus should be required to wear identification tags."},"3":{"Display":"I am afraid of the new virus."},"4":{"Display":"People who test positive for new virus should be quarantined or separated by force from others."},"5":{"Display":"If I tested positive for the CoronaVirus people would treat me differently."},"6":{"Display":"If I tested positive for the CoronaVirus I would not tell anyone."},"7":{"Display":"People who have been to China in the past"},"8":{"Display":"year should not be allowed into the United States."},"9":{"Display":"I am afraid of people who have this new virus."},"10":{"Display":"Areas in the city that are heavily populated by"},"11":{"Display":"people from China should be closed off, or \u2018locked down\u2019."},"12":{"Display":"People who have been to China should be forced to be tested for this new virus."},"13":{"Display":"People from countries with more of the new virus should not be allowed in the US."}},"ChoiceOrder":[1,2,3,4,5,6,7,8,9,10,11,12,13],"Validation":{"Settings":{"ForceResponse":"OFF","ForceResponseType":"ON","Type":"None"}},"GradingData":[],"Language":[],"NextChoiceId":14,"NextAnswerId":5,"Answers":{"1":{"Display":"Strongly Disagree\t"},"2":{"Display":"Somewhat Disagree\t"},"3":{"Display":"Somewhat Agree\t"},"4":{"Display":"Strongly Agree"}},"AnswerOrder":[1,2,3,4],"ChoiceDataExportTags":false,"QuestionID":"QID22"}},{"SurveyID":"SV_0iZpGFUacWnuKZD","Element":"SQ","PrimaryAttribute":"QID21","SecondaryAttribute":"The Government has taken some actions to prevent the spread of the new CoronaVirus. We are intere...","TertiaryAttribute":null,"Payload":{"QuestionText":"<p><span style=\"font-size: 12pt;\">The Government has taken some actions to prevent the spread of the new CoronaVirus.<o:p><\/o:p><\/span><\/p><span style=\"font-family: Arial, sans-serif; font-size: 12pt;\">We are interested in your opinion. There are no right or wrong answers.<\/span>","DefaultChoices":false,"DataExportTag":"Q21","QuestionType":"Matrix","Selector":"Likert","SubSelector":"SingleAnswer","Configuration":{"QuestionDescriptionOption":"UseText","TextPosition":"inline","ChoiceColumnWidth":25,"RepeatHeaders":"none","WhiteSpace":"OFF","MobileFirst":true},"QuestionDescription":"The Government has taken some actions to prevent the spread of the new CoronaVirus. We are intere...","Choices":{"1":{"Display":"How much do you trust that the Government is doing all it can to prevent the spread of the CoronaVirus?"},"2":{"Display":"How much do you trust information from the CDC about the new CoronaVirus?"},"3":{"Display":"How much do you trust information from the Georgia Department of Public Health about the new CoronaVirus?"},"4":{"Display":"How much do you trust information you are seeing online or in social media about the new CoronaVirus?"}},"ChoiceOrder":[1,2,3,4],"Validation":{"Settings":{"ForceResponse":"OFF","ForceResponseType":"ON","Type":"None"}},"GradingData":[],"Language":[],"NextChoiceId":5,"NextAnswerId":5,"Answers":{"1":{"Display":"Do not Trust at all\t"},"2":{"Display":"Slightly Trust\t"},"3":{"Display":"Somewhat Trust\t"},"4":{"Display":"Trust Completely"}},"AnswerOrder":[1,2,3,4],"ChoiceDataExportTags":false,"QuestionID":"QID21"}},{"SurveyID":"SV_0iZpGFUacWnuKZD","Element":"SQ","PrimaryAttribute":"QID17","SecondaryAttribute":"The new CoronaVirus is impacting people in different ways. Have you had any of the following expe...","TertiaryAttribute":null,"Payload":{"QuestionText":"<p><span style=\"font-size:11.5pt;mso-bidi-font-size:\n11.0pt\">The new CoronaVirus is impacting people in different ways. Have you had\nany of the following<o:p><\/o:p><\/span><\/p>\n\n<span style=\"font-size:11.5pt;mso-bidi-font-size:11.0pt;font-family:&quot;Arial&quot;,sans-serif;\nmso-fareast-font-family:Arial;mso-ansi-language:EN-US;mso-fareast-language:\nEN-US;mso-bidi-language:AR-SA\">experiences in response to CoronaVirus?<\/span>","DefaultChoices":false,"DataExportTag":"Q17","QuestionType":"Matrix","Selector":"Likert","SubSelector":"SingleAnswer","Configuration":{"QuestionDescriptionOption":"UseText","TextPosition":"inline","ChoiceColumnWidth":25,"RepeatHeaders":"none","WhiteSpace":"OFF","MobileFirst":true},"QuestionDescription":"The new CoronaVirus is impacting people in different ways. Have you had any of the following expe...","Choices":{"1":{"Display":"Staying indoors and away from public places."},"2":{"Display":"Canceled plans that involve other people."},"3":{"Display":"Been unable to get the food you need."},"4":{"Display":"Been unable to get to a pharmacy because of the new CoronaVirus."},"5":{"Display":"Been unable to get to medicine you need because of the new virus."}},"ChoiceOrder":[1,2,3,4,5],"Validation":{"Settings":{"ForceResponse":"OFF","ForceResponseType":"ON","Type":"None"}},"GradingData":[],"Language":[],"NextChoiceId":6,"NextAnswerId":4,"Answers":{"1":{"Display":"No\t"},"2":{"Display":"Yes, a little"},"3":{"Display":"Yes a lot"}},"AnswerOrder":[1,2,3],"ChoiceDataExportTags":false,"QuestionID":"QID17"}},{"SurveyID":"SV_0iZpGFUacWnuKZD","Element":"SQ","PrimaryAttribute":"QID18","SecondaryAttribute":"The new CoronaVirus is impacting people in different ways. Have you had any of the following expe...","TertiaryAttribute":null,"Payload":{"QuestionText":"<p><span style=\"font-size:11.5pt;mso-bidi-font-size:\n11.0pt\">The new CoronaVirus is impacting people in different ways. Have you had\nany of the following<o:p><\/o:p><\/span><\/p>\n\n<span style=\"font-size:11.5pt;mso-bidi-font-size:11.0pt;font-family:&quot;Arial&quot;,sans-serif;\nmso-fareast-font-family:Arial;mso-ansi-language:EN-US;mso-fareast-language:\nEN-US;mso-bidi-language:AR-SA\">experiences in response to CoronaVirus?<\/span>","DefaultChoices":false,"DataExportTag":"Q18","QuestionType":"Matrix","Selector":"Likert","SubSelector":"SingleAnswer","Configuration":{"QuestionDescriptionOption":"UseText","TextPosition":"inline","ChoiceColumnWidth":25,"RepeatHeaders":"none","WhiteSpace":"OFF","MobileFirst":true,"Autoscale":{"XScale":{"Name":"yesNo","Type":"likert","Reverse":false}}},"QuestionDescription":"The new CoronaVirus is impacting people in different ways. Have you had any of the following expe...","Choices":{"1":{"Display":"You cancelled a clinic or doctor\u2019s appointment to avoid being around others?"},"2":{"Display":"A clinic or doctor closed or cancelled your appointment because of the new CoronaVirus?"},"3":{"Display":"A service provider of any type closed or cancelled your appointment because of the new CoronaVirus?"}},"ChoiceOrder":[1,2,3],"Validation":{"Settings":{"ForceResponse":"OFF","ForceResponseType":"ON","Type":"None"}},"GradingData":[],"Language":[],"NextChoiceId":4,"NextAnswerId":3,"Answers":{"1":{"Display":"Yes"},"2":{"Display":"No"}},"AnswerOrder":[1,2],"ChoiceDataExportTags":false,"QuestionID":"QID18"}},{"SurveyID":"SV_0iZpGFUacWnuKZD","Element":"SQ","PrimaryAttribute":"QID19","SecondaryAttribute":"The new CoronaVirus is impacting people in different ways. Have you had any of the following expe...","TertiaryAttribute":null,"Payload":{"QuestionText":"<table class=\"UserTable\">\n <tbody><tr>\n  <td>\n  <p><span style=\"font-size:11.5pt;mso-bidi-font-size:\n  11.0pt\">The new CoronaVirus is impacting people in different ways. Have you\n  had any of the following<o:p><\/o:p><\/span><\/p>\n  <p><span style=\"font-size:11.5pt;\n  mso-bidi-font-size:11.0pt\">experiences in response to CoronaVirus?<o:p><\/o:p><\/span><\/p>\n  <\/td>\n <\/tr>\n<\/tbody><\/table>","DefaultChoices":false,"DataExportTag":"Q19","QuestionID":"QID19","QuestionType":"Matrix","Selector":"Likert","SubSelector":"SingleAnswer","Configuration":{"QuestionDescriptionOption":"UseText","TextPosition":"inline","ChoiceColumnWidth":25,"RepeatHeaders":"none","WhiteSpace":"OFF","MobileFirst":true},"QuestionDescription":"The new CoronaVirus is impacting people in different ways. Have you had any of the following expe...","Choices":{"1":{"Display":"You asked others to stay away to avoid getting the new Coronavirus."},"2":{"Display":"You have been asked by others to stay away to protect you from getting the virus."},"3":{"Display":"Was told not to come to work or school because of the CoronaVirus."},"4":{"Display":"Avoided the MARTA \/ Public Transportation because of the CoronaVirus."}},"ChoiceOrder":[1,2,3,4],"Validation":{"Settings":{"ForceResponse":"OFF","ForceResponseType":"ON","Type":"None"}},"GradingData":[],"Language":[],"NextChoiceId":5,"NextAnswerId":4,"Answers":{"1":{"Display":"No\t"},"2":{"Display":"Yes, a little\t"},"3":{"Display":"Yes a lot"}},"AnswerOrder":[1,2,3],"ChoiceDataExportTags":false}}]}