{"SurveyEntry":{"SurveyID":"SV_6V9XIIH4alW5V6R","SurveyName":"N2 COVID-19 Check-in Survey Items","SurveyDescription":null,"SurveyOwnerID":"UR_by1UsGrgsf5pYkB","SurveyBrandID":"nyu","DivisionID":null,"SurveyLanguage":"EN","SurveyActiveResponseSet":"RS_73aaTinLrIhIyot","SurveyStatus":"Inactive","SurveyStartDate":"0000-00-00 00:00:00","SurveyExpirationDate":"0000-00-00 00:00:00","SurveyCreationDate":"2020-04-08 05:52:36","CreatorID":"UR_by1UsGrgsf5pYkB","LastModified":"2020-04-08 06:34:48","LastAccessed":"0000-00-00 00:00:00","LastActivated":"0000-00-00 00:00:00","Deleted":null},"SurveyElements":[{"SurveyID":"SV_6V9XIIH4alW5V6R","Element":"BL","PrimaryAttribute":"Survey Blocks","SecondaryAttribute":null,"TertiaryAttribute":null,"Payload":[{"Type":"Default","Description":"Default Question Block","ID":"BL_9X0EamnHZeZa41n","BlockElements":[{"Type":"Question","QuestionID":"QID1"},{"Type":"Question","QuestionID":"QID2"},{"Type":"Question","QuestionID":"QID3"},{"Type":"Question","QuestionID":"QID4"},{"Type":"Question","QuestionID":"QID5"},{"Type":"Question","QuestionID":"QID6"},{"Type":"Question","QuestionID":"QID7"},{"Type":"Question","QuestionID":"QID8"},{"Type":"Question","QuestionID":"QID9"},{"Type":"Question","QuestionID":"QID10"},{"Type":"Question","QuestionID":"QID11"},{"Type":"Question","QuestionID":"QID12"},{"Type":"Question","QuestionID":"QID13"},{"Type":"Question","QuestionID":"QID14"},{"Type":"Question","QuestionID":"QID15"},{"Type":"Question","QuestionID":"QID17"},{"Type":"Question","QuestionID":"QID18"},{"Type":"Question","QuestionID":"QID20"},{"Type":"Question","QuestionID":"QID21"},{"Type":"Question","QuestionID":"QID22"},{"Type":"Question","QuestionID":"QID23"},{"Type":"Question","QuestionID":"QID24"},{"Type":"Question","QuestionID":"QID25"},{"Type":"Question","QuestionID":"QID26"},{"Type":"Question","QuestionID":"QID27"},{"Type":"Question","QuestionID":"QID28"},{"Type":"Question","QuestionID":"QID29"},{"Type":"Question","QuestionID":"QID30"},{"Type":"Question","QuestionID":"QID31"},{"Type":"Question","QuestionID":"QID32"},{"Type":"Question","QuestionID":"QID33"},{"Type":"Question","QuestionID":"QID34"},{"Type":"Question","QuestionID":"QID35"},{"Type":"Question","QuestionID":"QID36"},{"Type":"Question","QuestionID":"QID37"}]},{"Type":"Trash","Description":"Trash \/ Unused Questions","ID":"BL_b7rEr6vbRV34Tul","BlockElements":[{"Type":"Question","QuestionID":"QID16"},{"Type":"Question","QuestionID":"QID19"}]}]},{"SurveyID":"SV_6V9XIIH4alW5V6R","Element":"FL","PrimaryAttribute":"Survey Flow","SecondaryAttribute":null,"TertiaryAttribute":null,"Payload":{"Flow":[{"ID":"BL_9X0EamnHZeZa41n","Type":"Block","FlowID":"FL_2"}],"Properties":{"Count":2},"FlowID":"FL_1","Type":"Root"}},{"SurveyID":"SV_6V9XIIH4alW5V6R","Element":"SO","PrimaryAttribute":"Survey Options","SecondaryAttribute":null,"TertiaryAttribute":null,"Payload":{"BackButton":"false","SaveAndContinue":"true","SurveyProtection":"PublicSurvey","BallotBoxStuffingPrevention":"false","NoIndex":"Yes","SecureResponseFiles":"true","SurveyExpiration":"None","SurveyTermination":"DefaultMessage","Header":"","Footer":"","ProgressBarDisplay":"None","PartialData":"+1 week","ValidationMessage":"","PreviousButton":" \u2190 ","NextButton":" \u2192 ","SurveyTitle":"Online Survey Software | Qualtrics Survey Solutions","SkinLibrary":"nyu","SkinType":"MQ","Skin":"nyu1","NewScoring":1}},{"SurveyID":"SV_6V9XIIH4alW5V6R","Element":"SCO","PrimaryAttribute":"Scoring","SecondaryAttribute":null,"TertiaryAttribute":null,"Payload":{"ScoringCategories":[],"ScoringCategoryGroups":[],"ScoringSummaryCategory":null,"ScoringSummaryAfterQuestions":0,"ScoringSummaryAfterSurvey":0,"DefaultScoringCategory":null,"AutoScoringCategory":null}},{"SurveyID":"SV_6V9XIIH4alW5V6R","Element":"PROJ","PrimaryAttribute":"CORE","SecondaryAttribute":null,"TertiaryAttribute":"1.1.0","Payload":{"ProjectCategory":"CORE","SchemaVersion":"1.1.0"}},{"SurveyID":"SV_6V9XIIH4alW5V6R","Element":"STAT","PrimaryAttribute":"Survey Statistics","SecondaryAttribute":null,"TertiaryAttribute":null,"Payload":{"MobileCompatible":true,"ID":"Survey Statistics"}},{"SurveyID":"SV_6V9XIIH4alW5V6R","Element":"QC","PrimaryAttribute":"Survey Question Count","SecondaryAttribute":"37","TertiaryAttribute":null,"Payload":null},{"SurveyID":"SV_6V9XIIH4alW5V6R","Element":"SQ","PrimaryAttribute":"QID7","SecondaryAttribute":"Are you currently on PrEP?","TertiaryAttribute":null,"Payload":{"QuestionText":"Are you currently on PrEP?","DataExportTag":"Q7","QuestionType":"MC","Selector":"SAVR","SubSelector":"TX","Configuration":{"QuestionDescriptionOption":"UseText","Autoscale":{"YScale":{"Name":"yesNo","Type":"likert","Reverse":false}}},"QuestionDescription":"Are you currently on PrEP?","Choices":{"1":{"Display":"Yes"},"2":{"Display":"No"}},"ChoiceOrder":[1,2],"Validation":{"Settings":{"ForceResponse":"OFF","ForceResponseType":"ON","Type":"None"}},"Language":[],"NextChoiceId":3,"NextAnswerId":1,"QuestionID":"QID7"}},{"SurveyID":"SV_6V9XIIH4alW5V6R","Element":"SQ","PrimaryAttribute":"QID11","SecondaryAttribute":"Are you currently taking antiretroviral medicines to treat your HIV infection?","TertiaryAttribute":null,"Payload":{"QuestionText":"Are you currently taking antiretroviral medicines to treat your HIV infection?","DataExportTag":"Q11","QuestionType":"MC","Selector":"SAVR","SubSelector":"TX","Configuration":{"QuestionDescriptionOption":"UseText","Autoscale":{"YScale":{"Name":"yesNo","Type":"likert","Reverse":false}}},"QuestionDescription":"Are you currently taking antiretroviral medicines to treat your HIV infection?","Choices":{"1":{"Display":"Yes"},"2":{"Display":"No"}},"ChoiceOrder":[1,2],"Validation":{"Settings":{"ForceResponse":"OFF","ForceResponseType":"ON","Type":"None"}},"Language":[],"NextChoiceId":3,"NextAnswerId":1,"QuestionID":"QID11"}},{"SurveyID":"SV_6V9XIIH4alW5V6R","Element":"SQ","PrimaryAttribute":"QID16","SecondaryAttribute":"Click to write the question text","TertiaryAttribute":null,"Payload":{"QuestionText":"Click to write the question text","DataExportTag":"Q16","QuestionType":"MC","Selector":"SAVR","SubSelector":"TX","Configuration":{"QuestionDescriptionOption":"UseText"},"QuestionDescription":"Click to write the question text","Choices":{"1":{"Display":"Click to write Choice 1"},"2":{"Display":"Click to write Choice 2"},"3":{"Display":"Click to write Choice 3"}},"ChoiceOrder":["1","2","3"],"Validation":{"Settings":{"ForceResponse":"OFF","ForceResponseType":"ON","Type":"None"}},"Language":[],"NextChoiceId":4,"NextAnswerId":1,"QuestionID":"QID16"}},{"SurveyID":"SV_6V9XIIH4alW5V6R","Element":"SQ","PrimaryAttribute":"QID19","SecondaryAttribute":"Click to write the question text","TertiaryAttribute":null,"Payload":{"QuestionText":"Click to write the question text","DataExportTag":"Q18","QuestionType":"MC","Selector":"SAVR","SubSelector":"TX","Configuration":{"QuestionDescriptionOption":"UseText"},"QuestionDescription":"Click to write the question text","Choices":{"1":{"Display":"Click to write Choice 1"},"2":{"Display":"Click to write Choice 2"},"3":{"Display":"Click to write Choice 3"}},"ChoiceOrder":["1","2","3"],"Validation":{"Settings":{"ForceResponse":"OFF","ForceResponseType":"ON","Type":"None"}},"Language":[],"NextChoiceId":4,"NextAnswerId":1,"QuestionID":"QID19"}},{"SurveyID":"SV_6V9XIIH4alW5V6R","Element":"SQ","PrimaryAttribute":"QID22","SecondaryAttribute":"Click to write the question text","TertiaryAttribute":null,"Payload":{"QuestionText":"Click to write the question text","DefaultChoices":false,"DataExportTag":"Q20","QuestionType":"Matrix","Selector":"Profile","SubSelector":"SingleAnswer","Configuration":{"QuestionDescriptionOption":"UseText","TextPosition":"inline","ChoiceColumnWidth":25,"RepeatHeaders":"none","WhiteSpace":"OFF","MobileFirst":true},"QuestionDescription":"Click to write the question text","Choices":{"1":{"Display":"You would lose your source of income (e.g., lost wages, job loss)"},"2":{"Display":"You would lose your health insurance"},"3":{"Display":"You would not have enough food"},"4":{"Display":"You would not have enough medication to last a month"},"5":{"Display":"You would not have a place to stay"}},"ChoiceOrder":[1,2,3,4,5],"Validation":{"Settings":{"ForceResponse":"OFF","ForceResponseType":"ON","Type":"None"}},"GradingData":[],"Language":[],"NextChoiceId":6,"NextAnswerId":7,"Answers":{"1":{"1":{"Display":"Very unlikely"},"2":{"Display":"Somewhat unlikely"},"3":{"Display":"Somewhat likely"},"4":{"Display":"Very likely"},"5":{"Display":"You have lost your source of income"},"6":{"Display":"You did not have a source of income before the COVID-19 pandemic"}},"2":{"1":{"Display":"Very unlikely"},"2":{"Display":"Somewhat unlikely"},"3":{"Display":"Somewhat likely"},"4":{"Display":"Very likely"},"5":{"Display":"You have lost your health insurance"},"6":{"Display":"You did not have health insurance before the COVID-19 pandemic"}},"3":{"1":{"Display":"Very unlikely"},"2":{"Display":"Somewhat unlikely"},"3":{"Display":"Somewhat likely"},"4":{"Display":"Very likely"},"5":{"Display":"You do not have enough food already"},"6":{"Display":"-"}},"4":{"1":{"Display":"Very unlikely"},"2":{"Display":"Somewhat unlikely"},"3":{"Display":"Somewhat likely"},"4":{"Display":"Very likely"},"5":{"Display":"You do not have enough medication to last a month already"},"6":{"Display":"-"}},"5":{"1":{"Display":"Very unlikely"},"2":{"Display":"Somewhat unlikely"},"3":{"Display":"Somewhat likely"},"4":{"Display":"Very likely"},"5":{"Display":"You do not have a place to stay already"},"6":{"Display":"-"}}},"AnswerOrder":[1,2,3,4,5,6],"ChoiceDataExportTags":false,"QuestionID":"QID22","DataVisibility":{"Private":false,"Hidden":false},"AnswerColumns":6}},{"SurveyID":"SV_6V9XIIH4alW5V6R","Element":"RS","PrimaryAttribute":"RS_73aaTinLrIhIyot","SecondaryAttribute":"Default Response Set","TertiaryAttribute":null,"Payload":null},{"SurveyID":"SV_6V9XIIH4alW5V6R","Element":"SQ","PrimaryAttribute":"QID36","SecondaryAttribute":"Do you have confusion about information about COVID-19 (e.g., what is COVID-19 is, how to prevent...","TertiaryAttribute":null,"Payload":{"QuestionText":"Do you have confusion about information about COVID-19 (e.g., what is COVID-19 is, how to prevent it, or why social distancing\/isolation\/quarantines are needed)?","DataExportTag":"Q36","QuestionType":"MC","Selector":"SAVR","SubSelector":"TX","Configuration":{"QuestionDescriptionOption":"UseText","Autoscale":{"YScale":{"Name":"yesNo","Type":"likert","Reverse":false}}},"QuestionDescription":"Do you have confusion about information about COVID-19 (e.g., what is COVID-19 is, how to prevent...","Choices":{"1":{"Display":"Yes"},"2":{"Display":"No"}},"ChoiceOrder":[1,2],"Validation":{"Settings":{"ForceResponse":"OFF","ForceResponseType":"ON","Type":"None"}},"Language":[],"NextChoiceId":3,"NextAnswerId":1,"QuestionID":"QID36"}},{"SurveyID":"SV_6V9XIIH4alW5V6R","Element":"SQ","PrimaryAttribute":"QID15","SecondaryAttribute":"During the COVID-19 pandemic, have you had trouble finding a healthcare provider for general heal...","TertiaryAttribute":null,"Payload":{"QuestionText":"During the COVID-19 pandemic, have you had trouble finding a healthcare provider for general health, sexual health services such as HIV or STI testing, and PrEP?","DataExportTag":"Q15","QuestionType":"MC","Selector":"SAVR","SubSelector":"TX","Configuration":{"QuestionDescriptionOption":"UseText"},"QuestionDescription":"During the COVID-19 pandemic, have you had trouble finding a healthcare provider for general heal...","Choices":{"1":{"Display":"You have had trouble finding a healthcare provider for sexual health services such as HIV or STI testing and PrEP"},"2":{"Display":"You have had trouble finding a healthcare provider when I feel ill or need advice about my health"},"3":{"Display":"No"}},"ChoiceOrder":[1,2,3],"Validation":{"Settings":{"ForceResponse":"OFF","ForceResponseType":"ON","Type":"None"}},"Language":[],"NextChoiceId":4,"NextAnswerId":1,"QuestionID":"QID15","GradingData":[]}},{"SurveyID":"SV_6V9XIIH4alW5V6R","Element":"SQ","PrimaryAttribute":"QID14","SecondaryAttribute":"Has your access to HIV medication been impacted by the COVID-19 pandemic?","TertiaryAttribute":null,"Payload":{"QuestionText":"Has your access to HIV medication been impacted by the COVID-19 pandemic?","DataExportTag":"Q14","QuestionType":"MC","Selector":"SAVR","SubSelector":"TX","Configuration":{"QuestionDescriptionOption":"UseText","Autoscale":{"YScale":{"Name":"yesNo","Type":"likert","Reverse":false}}},"QuestionDescription":"Has your access to HIV medication been impacted by the COVID-19 pandemic?","Choices":{"1":{"Display":"Yes"},"2":{"Display":"No"}},"ChoiceOrder":[1,2],"Validation":{"Settings":{"ForceResponse":"OFF","ForceResponseType":"ON","Type":"None"}},"Language":[],"NextChoiceId":3,"NextAnswerId":1,"QuestionID":"QID14"}},{"SurveyID":"SV_6V9XIIH4alW5V6R","Element":"SQ","PrimaryAttribute":"QID10","SecondaryAttribute":"Has your access to PrEP been impacted by the COVID-19 pandemic?","TertiaryAttribute":null,"Payload":{"QuestionText":"Has your access to PrEP been impacted by the COVID-19 pandemic?","DataExportTag":"Q10","QuestionType":"MC","Selector":"SAVR","SubSelector":"TX","Configuration":{"QuestionDescriptionOption":"UseText","Autoscale":{"YScale":{"Name":"yesNo","Type":"likert","Reverse":false}}},"QuestionDescription":"Has your access to PrEP been impacted by the COVID-19 pandemic?","Choices":{"1":{"Display":"Yes"},"2":{"Display":"No"}},"ChoiceOrder":[1,2],"Validation":{"Settings":{"ForceResponse":"OFF","ForceResponseType":"ON","Type":"None"}},"Language":[],"NextChoiceId":3,"NextAnswerId":1,"QuestionID":"QID10"}},{"SurveyID":"SV_6V9XIIH4alW5V6R","Element":"SQ","PrimaryAttribute":"QID35","SecondaryAttribute":"Have you been diagnosed with COVID-19?","TertiaryAttribute":null,"Payload":{"QuestionText":"Have you been diagnosed with COVID-19?","DataExportTag":"Q35","QuestionType":"MC","Selector":"SAVR","SubSelector":"TX","Configuration":{"QuestionDescriptionOption":"UseText","Autoscale":{"YScale":{"Name":"yesNo","Type":"likert","Reverse":false}}},"QuestionDescription":"Have you been diagnosed with COVID-19?","Choices":{"1":{"Display":"Yes"},"2":{"Display":"No"}},"ChoiceOrder":[1,2],"Validation":{"Settings":{"ForceResponse":"OFF","ForceResponseType":"ON","Type":"None"}},"Language":[],"NextChoiceId":3,"NextAnswerId":1,"QuestionID":"QID35"}},{"SurveyID":"SV_6V9XIIH4alW5V6R","Element":"SQ","PrimaryAttribute":"QID30","SecondaryAttribute":"Have you experienced any COVID-19 symptoms such as fever, coughing, upper respiratory distress, o...","TertiaryAttribute":null,"Payload":{"QuestionText":"Have you experienced any COVID-19 symptoms such as fever, coughing, upper respiratory distress, or shortness of breath?","DefaultChoices":false,"DataExportTag":"Q30","QuestionType":"MC","Selector":"SAVR","SubSelector":"TX","Configuration":{"QuestionDescriptionOption":"UseText","Autoscale":{"YScale":{"Name":"yesNo","Type":"likert","Reverse":false}}},"QuestionDescription":"Have you experienced any COVID-19 symptoms such as fever, coughing, upper respiratory distress, o...","Choices":{"1":{"Display":"Yes"},"2":{"Display":"No"}},"ChoiceOrder":[1,2],"Validation":{"Settings":{"ForceResponse":"OFF","ForceResponseType":"ON","Type":"None"}},"GradingData":[],"Language":[],"NextChoiceId":3,"NextAnswerId":1,"QuestionID":"QID30"}},{"SurveyID":"SV_6V9XIIH4alW5V6R","Element":"SQ","PrimaryAttribute":"QID34","SecondaryAttribute":"Have you tested for COVID-19?","TertiaryAttribute":null,"Payload":{"QuestionText":"Have you tested for COVID-19?","DataExportTag":"Q34","QuestionType":"MC","Selector":"SAVR","SubSelector":"TX","Configuration":{"QuestionDescriptionOption":"UseText","Autoscale":{"YScale":{"Name":"yesNo","Type":"likert","Reverse":false}}},"QuestionDescription":"Have you tested for COVID-19?","Choices":{"1":{"Display":"Yes"},"2":{"Display":"No"}},"ChoiceOrder":[1,2],"Validation":{"Settings":{"ForceResponse":"OFF","ForceResponseType":"ON","Type":"None"}},"Language":[],"NextChoiceId":3,"NextAnswerId":1,"QuestionID":"QID34"}},{"SurveyID":"SV_6V9XIIH4alW5V6R","Element":"SQ","PrimaryAttribute":"QID25","SecondaryAttribute":"How has your drinking behavior changed during the COVID-19 pandemic?","TertiaryAttribute":null,"Payload":{"QuestionText":"How has your drinking behavior changed during the COVID-19 pandemic?","DefaultChoices":false,"DataExportTag":"Q25","QuestionType":"MC","Selector":"SAVR","SubSelector":"TX","Configuration":{"QuestionDescriptionOption":"UseText"},"QuestionDescription":"How has your drinking behavior changed during the COVID-19 pandemic?","Choices":{"1":{"Display":"You have never drunk"},"2":{"Display":"You have drunk more (e.g., greater frequencies or more drinks on the same occasion) during the COVID-19 pandemic"},"3":{"Display":"You have drunk less (e.g., less frequencies or less drinks on the same occasion) during the COVID-19 pandemic"},"4":{"Display":"Your drinking behavior remains the same during the COVID-19 pandemic"}},"ChoiceOrder":[1,2,3,4],"Validation":{"Settings":{"ForceResponse":"OFF","ForceResponseType":"ON","Type":"None"}},"GradingData":[],"Language":[],"NextChoiceId":5,"NextAnswerId":1,"QuestionID":"QID25"}},{"SurveyID":"SV_6V9XIIH4alW5V6R","Element":"SQ","PrimaryAttribute":"QID13","SecondaryAttribute":"How has your HIV medication use changed during the COVID-19 pandemic?","TertiaryAttribute":null,"Payload":{"QuestionText":"How has your HIV medication use changed during the COVID-19 pandemic?","DataExportTag":"Q13","QuestionType":"MC","Selector":"SAVR","SubSelector":"TX","Configuration":{"QuestionDescriptionOption":"UseText"},"QuestionDescription":"How has your HIV medication use changed during the COVID-19 pandemic?","Choices":{"1":{"Display":"You have never taken HIV medication"},"2":{"Display":"You have missed taking my HIV medications more frequently during the COVID-19 pandemic"},"3":{"Display":"You have missed taking my HIV medications less frequently during the COVID-19 pandemic"},"4":{"Display":"Your HIV medication use has not changed during the COVID-19 pandemic"}},"ChoiceOrder":[1,2,3,4],"Validation":{"Settings":{"ForceResponse":"OFF","ForceResponseType":"ON","Type":"None"}},"Language":[],"NextChoiceId":5,"NextAnswerId":1,"QuestionID":"QID13","GradingData":[]}},{"SurveyID":"SV_6V9XIIH4alW5V6R","Element":"SQ","PrimaryAttribute":"QID9","SecondaryAttribute":"How have your PrEP use changed during the COVID-19 pandemic?","TertiaryAttribute":null,"Payload":{"QuestionText":"How have your PrEP use changed during the COVID-19 pandemic?","DataExportTag":"Q9","QuestionType":"MC","Selector":"SAVR","SubSelector":"TX","Configuration":{"QuestionDescriptionOption":"UseText"},"QuestionDescription":"How have your PrEP use changed during the COVID-19 pandemic?","Choices":{"1":{"Display":"You have never used PrEP"},"2":{"Display":"You have used PrEP more during COVID-19"},"3":{"Display":"You used PrEP less during COVID-19"},"4":{"Display":"Your PrEP use has not changed during COVID-19"}},"ChoiceOrder":[1,2,3,4],"Validation":{"Settings":{"ForceResponse":"OFF","ForceResponseType":"ON","Type":"None"}},"Language":[],"NextChoiceId":5,"NextAnswerId":1,"QuestionID":"QID9","GradingData":[]}},{"SurveyID":"SV_6V9XIIH4alW5V6R","Element":"SQ","PrimaryAttribute":"QID33","SecondaryAttribute":"How likely is it that you had sex with someone with coronavirus?","TertiaryAttribute":null,"Payload":{"QuestionText":"How likely is it that you had sex with someone with coronavirus?","DefaultChoices":false,"DataExportTag":"Q33","QuestionType":"MC","Selector":"SAVR","SubSelector":"TX","Configuration":{"QuestionDescriptionOption":"UseText"},"QuestionDescription":"How likely is it that you had sex with someone with coronavirus?","Choices":{"1":{"Display":"Not likely"},"2":{"Display":"Somewhat likely"},"3":{"Display":"Very likely"},"4":{"Display":"Extremely likely"}},"ChoiceOrder":[1,2,3,4],"Validation":{"Settings":{"ForceResponse":"OFF","ForceResponseType":"ON","Type":"None"}},"GradingData":[],"Language":[],"NextChoiceId":5,"NextAnswerId":1,"QuestionID":"QID33"}},{"SurveyID":"SV_6V9XIIH4alW5V6R","Element":"SQ","PrimaryAttribute":"QID31","SecondaryAttribute":"How likely is it that you would become ill with coronavirus (COVID-19)?","TertiaryAttribute":null,"Payload":{"QuestionText":"How likely is it that you would become ill with coronavirus (COVID-19)?","DataExportTag":"Q31","QuestionType":"MC","Selector":"SAVR","SubSelector":"TX","Configuration":{"QuestionDescriptionOption":"UseText"},"QuestionDescription":"How likely is it that you would become ill with coronavirus (COVID-19)?","Choices":{"1":{"Display":"Not likely"},"2":{"Display":"Somewhat likely"},"3":{"Display":"Very Likely"},"4":{"Display":"Extremely likely"}},"ChoiceOrder":[1,2,3,4],"Validation":{"Settings":{"ForceResponse":"OFF","ForceResponseType":"ON","Type":"None"}},"Language":[],"NextChoiceId":5,"NextAnswerId":1,"QuestionID":"QID31","GradingData":[]}},{"SurveyID":"SV_6V9XIIH4alW5V6R","Element":"SQ","PrimaryAttribute":"QID28","SecondaryAttribute":"In the past 2 weeks, have you used any of the following substance? (Check all substance that you...","TertiaryAttribute":null,"Payload":{"QuestionText":"In the past 2 weeks, have you used any of the following substance? (Check all substance that you use.)","DefaultChoices":false,"DataExportTag":"Q28","QuestionType":"MC","Selector":"MACOL","SubSelector":"TX","Configuration":{"QuestionDescriptionOption":"UseText","NumColumns":2},"QuestionDescription":"In the past 2 weeks, have you used any of the following substance? (Check all substance that you...","Choices":{"1":{"Display":"Erection drugs (Viagra, Cialis, etc.)"},"2":{"Display":"Cocaine (Coke, Blow)"},"3":{"Display":"Crystal meth (Crystal, Tina)"},"4":{"Display":"Ecstasy (MDMA, X, E)"},"5":{"Display":"GHB\/GBL"},"6":{"Display":"Ketamine"},"7":{"Display":"Marijuana\/Hash (Pot, Weed)"},"8":{"Display":"Crack (Rock, Freebase)"},"9":{"Display":"Heroin"},"10":{"Display":"Poppers"},"11":{"Display":"Prescription painkillers, such as oxycodone, Percocet, hydrocodone, Vicodin, Codeine, or Lortab"}},"ChoiceOrder":[1,2,3,4,5,6,7,8,9,10,11],"Validation":{"Settings":{"ForceResponse":"OFF","ForceResponseType":"ON","Type":"None"}},"GradingData":[],"Language":[],"NextChoiceId":12,"NextAnswerId":1,"QuestionID":"QID28"}},{"SurveyID":"SV_6V9XIIH4alW5V6R","Element":"SQ","PrimaryAttribute":"QID1","SecondaryAttribute":"In the past 2 weeks, how concerned have you been about coronavirus in your neighborhood?","TertiaryAttribute":null,"Payload":{"QuestionText":"In the past 2 weeks, how concerned have you been about coronavirus in your neighborhood?","DataExportTag":"Q1","QuestionType":"MC","Selector":"SAVR","SubSelector":"TX","Configuration":{"QuestionDescriptionOption":"UseText"},"QuestionDescription":"In the past 2 weeks, how concerned have you been about coronavirus in your neighborhood?","Choices":{"1":{"Display":"Not at all concerned"},"2":{"Display":"Not very concerned"},"3":{"Display":"Somewhat concerned"},"4":{"Display":"Very concerned"}},"ChoiceOrder":[1,2,3,4],"Validation":{"Settings":{"ForceResponse":"OFF","ForceResponseType":"ON","Type":"None"}},"Language":[],"NextChoiceId":5,"NextAnswerId":1,"QuestionID":"QID1","GradingData":[]}},{"SurveyID":"SV_6V9XIIH4alW5V6R","Element":"SQ","PrimaryAttribute":"QID20","SecondaryAttribute":"In the past 2 weeks, how has COVID-19 impacted your sexual activity?","TertiaryAttribute":null,"Payload":{"QuestionText":"In the past 2 weeks, how has COVID-19 impacted your sexual activity?","DefaultChoices":false,"DataExportTag":"Q18","QuestionType":"MC","Selector":"MACOL","SubSelector":"TX","Configuration":{"QuestionDescriptionOption":"UseText","NumColumns":2},"QuestionDescription":"In the past 2 weeks, how has COVID-19 impacted your sexual activity?","Choices":{"1":{"Display":"You have sex with main sex partner more frequently"},"2":{"Display":"You have sex with main sex partner less frequently"},"3":{"Display":"You have sex with casual sex partner more frequently"},"4":{"Display":"You have sex with casual sex partner less frequently"},"5":{"Display":"You exchange sex more frequently"},"6":{"Display":"You exchange sex less frequently"},"7":{"Display":"Other"}},"ChoiceOrder":[1,2,3,4,5,6,7],"Validation":{"Settings":{"ForceResponse":"OFF","ForceResponseType":"ON","Type":"None"}},"GradingData":[],"Language":[],"NextChoiceId":8,"NextAnswerId":1,"QuestionID":"QID20"}},{"SurveyID":"SV_6V9XIIH4alW5V6R","Element":"SQ","PrimaryAttribute":"QID24","SecondaryAttribute":"In the past 2 weeks, how many days did you have 5 or more drinks on the same occasion?","TertiaryAttribute":null,"Payload":{"QuestionText":"In the past 2 weeks, how many days did you have 5 or more drinks on the same occasion?","DefaultChoices":false,"DataExportTag":"Q22","QuestionType":"TE","Selector":"SL","Configuration":{"QuestionDescriptionOption":"UseText"},"QuestionDescription":"In the past 2 weeks, how many days did you have 5 or more drinks on the same occasion?","Validation":{"Settings":{"ForceResponse":"OFF","ForceResponseType":"ON","Type":"None"}},"GradingData":[],"Language":[],"NextChoiceId":4,"NextAnswerId":1,"SearchSource":{"AllowFreeResponse":"false"},"QuestionID":"QID24"}},{"SurveyID":"SV_6V9XIIH4alW5V6R","Element":"SQ","PrimaryAttribute":"QID26","SecondaryAttribute":"In the past 2 weeks, how many days did you have smoke part of or all of a cigarette?","TertiaryAttribute":null,"Payload":{"QuestionText":"In the past 2 weeks, how many days did you have smoke part of or all of a cigarette?","DefaultChoices":false,"DataExportTag":"Q26","QuestionType":"TE","Selector":"SL","Configuration":{"QuestionDescriptionOption":"UseText"},"QuestionDescription":"In the past 2 weeks, how many days did you have smoke part of or all of a cigarette?","Validation":{"Settings":{"ForceResponse":"OFF","ForceResponseType":"ON","Type":"None"}},"GradingData":[],"Language":[],"NextChoiceId":4,"NextAnswerId":1,"SearchSource":{"AllowFreeResponse":"false"},"QuestionID":"QID26"}},{"SurveyID":"SV_6V9XIIH4alW5V6R","Element":"SQ","PrimaryAttribute":"QID23","SecondaryAttribute":"In the past 2 weeks, how many days have you had a drink of an alcoholic beverage?","TertiaryAttribute":null,"Payload":{"QuestionText":"In the past 2 weeks, how many days have you had a drink of an alcoholic beverage?","DefaultChoices":false,"DataExportTag":"Q21","QuestionType":"TE","Selector":"SL","Configuration":{"QuestionDescriptionOption":"UseText"},"QuestionDescription":"In the past 2 weeks, how many days have you had a drink of an alcoholic beverage?","Validation":{"Settings":{"ForceResponse":"OFF","ForceResponseType":"ON","Type":"None"}},"GradingData":[],"Language":[],"NextChoiceId":4,"NextAnswerId":1,"SearchSource":{"AllowFreeResponse":"false"},"QuestionID":"QID23"}},{"SurveyID":"SV_6V9XIIH4alW5V6R","Element":"SQ","PrimaryAttribute":"QID5","SecondaryAttribute":"In the past 2 weeks, how many days you have been in close contact (within 6 feet) for 4 hours or...","TertiaryAttribute":null,"Payload":{"QuestionText":"In the past 2 weeks, how many days you have been in close contact (within 6 feet) for 4 hours or more?","DefaultChoices":false,"DataExportTag":"Q5","QuestionID":"QID5","QuestionType":"TE","Selector":"SL","Configuration":{"QuestionDescriptionOption":"UseText"},"QuestionDescription":"In the past 2 weeks, how many days you have been in close contact (within 6 feet) for 4 hours or...","Validation":{"Settings":{"ForceResponse":"OFF","ForceResponseType":"ON","Type":"None"}},"GradingData":[],"Language":[],"NextChoiceId":4,"NextAnswerId":1,"SearchSource":{"AllowFreeResponse":"false"}}},{"SurveyID":"SV_6V9XIIH4alW5V6R","Element":"SQ","PrimaryAttribute":"QID3","SecondaryAttribute":"In the past 2 weeks, how many days you have been in touch with friends or loved ones through phon...","TertiaryAttribute":null,"Payload":{"QuestionText":"In the past 2 weeks, how many days you have been in touch with friends or loved ones through phone, skype, Facebook, zoom, WhatsApp, or face to face contact?","DefaultChoices":false,"DataExportTag":"Q3","QuestionType":"TE","Selector":"SL","Configuration":{"QuestionDescriptionOption":"UseText"},"QuestionDescription":"In the past 2 weeks, how many days you have been in touch with friends or loved ones through phon...","Validation":{"Settings":{"ForceResponse":"OFF","ForceResponseType":"ON","Type":"None"}},"GradingData":[],"Language":[],"NextChoiceId":4,"NextAnswerId":1,"SearchSource":{"AllowFreeResponse":"false"},"QuestionID":"QID3"}},{"SurveyID":"SV_6V9XIIH4alW5V6R","Element":"SQ","PrimaryAttribute":"QID2","SecondaryAttribute":"In the past 2 weeks, how many friends or loved ones have you been in touch with through phone, Sk...","TertiaryAttribute":null,"Payload":{"QuestionText":"In the past 2 weeks, how many friends or loved ones have you been in touch with through phone, Skype, Facebook, Zoom, WhatsApp, or face to face contact?","DefaultChoices":false,"DataExportTag":"Q2","QuestionID":"QID2","QuestionType":"TE","Selector":"SL","Configuration":{"QuestionDescriptionOption":"UseText","InputWidth":680,"InputHeight":29},"QuestionDescription":"In the past 2 weeks, how many friends or loved ones have you been in touch with through phone, Sk...","Validation":{"Settings":{"ForceResponse":"OFF","ForceResponseType":"ON","Type":"None"}},"GradingData":[],"Language":[],"NextChoiceId":4,"NextAnswerId":1,"SearchSource":{"AllowFreeResponse":"false"}}},{"SurveyID":"SV_6V9XIIH4alW5V6R","Element":"SQ","PrimaryAttribute":"QID4","SecondaryAttribute":"In the past 2 weeks, how many people have you been in close contact (within 6 feet) for 4 hours o...","TertiaryAttribute":null,"Payload":{"QuestionText":"In the past 2 weeks, how many people have you been in close contact (within 6 feet) for 4 hours or more in a single day?","DefaultChoices":false,"DataExportTag":"Q4","QuestionID":"QID4","QuestionType":"TE","Selector":"SL","Configuration":{"QuestionDescriptionOption":"UseText"},"QuestionDescription":"In the past 2 weeks, how many people have you been in close contact (within 6 feet) for 4 hours o...","Validation":{"Settings":{"ForceResponse":"OFF","ForceResponseType":"ON","Type":"None"}},"GradingData":[],"Language":[],"NextChoiceId":4,"NextAnswerId":1,"SearchSource":{"AllowFreeResponse":"false"}}},{"SurveyID":"SV_6V9XIIH4alW5V6R","Element":"SQ","PrimaryAttribute":"QID17","SecondaryAttribute":"In the past 2 weeks, how many persons you have had sex with, including men, women, transgender wo...","TertiaryAttribute":null,"Payload":{"QuestionText":"In the past 2 weeks, how many persons you have had sex with, including men, women, transgender women, and transgender men have you had sex with? Please include all persons in the past 2 weeks with whom you had oral, anal, or vaginal sex?","DefaultChoices":false,"DataExportTag":"Q16","QuestionType":"TE","Selector":"SL","Configuration":{"QuestionDescriptionOption":"UseText"},"QuestionDescription":"In the past 2 weeks, how many persons you have had sex with, including men, women, transgender wo...","Validation":{"Settings":{"ForceResponse":"OFF","ForceResponseType":"ON","Type":"None"}},"GradingData":[],"Language":[],"NextChoiceId":4,"NextAnswerId":1,"SearchSource":{"AllowFreeResponse":"false"},"QuestionID":"QID17"}},{"SurveyID":"SV_6V9XIIH4alW5V6R","Element":"SQ","PrimaryAttribute":"QID18","SecondaryAttribute":"In the past 2 weeks, how much has COVID-19 (coronavirus) impacted your sexual activity?","TertiaryAttribute":null,"Payload":{"QuestionText":"In the past 2 weeks, how much has COVID-19 (coronavirus) impacted your sexual activity?","DataExportTag":"Q17","QuestionType":"MC","Selector":"SAVR","SubSelector":"TX","Configuration":{"QuestionDescriptionOption":"UseText"},"QuestionDescription":"In the past 2 weeks, how much has COVID-19 (coronavirus) impacted your sexual activity?","Choices":{"1":{"Display":"Not at all"},"2":{"Display":"A little"},"3":{"Display":"Much"},"4":{"Display":"Very much"},"5":{"Display":"Extremely"}},"ChoiceOrder":[1,2,3,4,5],"Validation":{"Settings":{"ForceResponse":"OFF","ForceResponseType":"ON","Type":"None"}},"Language":[],"NextChoiceId":6,"NextAnswerId":1,"QuestionID":"QID18","GradingData":[]}},{"SurveyID":"SV_6V9XIIH4alW5V6R","Element":"SQ","PrimaryAttribute":"QID6","SecondaryAttribute":"In the past 2 weeks, how of then have you received support (e.g., emotional, materials, or financ...","TertiaryAttribute":null,"Payload":{"QuestionText":"In the past 2 weeks, how of then have you received support (e.g., emotional, materials, or financial supports) from friends or loved ones to help you during the COVID-19 pandemic?","DataExportTag":"Q6","QuestionType":"MC","Selector":"SAVR","SubSelector":"TX","Configuration":{"QuestionDescriptionOption":"UseText"},"QuestionDescription":"In the past 2 weeks, how of then have you received support (e.g., emotional, materials, or financ...","Choices":{"1":{"Display":"Every day"},"2":{"Display":"Several times a week"},"3":{"Display":"Once a week"},"4":{"Display":"Once in 2 weeks"},"5":{"Display":"Never"}},"ChoiceOrder":[1,2,3,4,5],"Validation":{"Settings":{"ForceResponse":"OFF","ForceResponseType":"ON","Type":"None"}},"Language":[],"NextChoiceId":6,"NextAnswerId":1,"QuestionID":"QID6","GradingData":[]}},{"SurveyID":"SV_6V9XIIH4alW5V6R","Element":"SQ","PrimaryAttribute":"QID27","SecondaryAttribute":"In the past 2 weeks, on the days you smoked cigarettes, how many cigarettes did you smoke per day...","TertiaryAttribute":null,"Payload":{"QuestionText":"In the past 2 weeks, on the days you smoked cigarettes, how many cigarettes did you smoke per day, on average?","DefaultChoices":false,"DataExportTag":"Q27","QuestionType":"MC","Selector":"SAVR","SubSelector":"TX","Configuration":{"QuestionDescriptionOption":"UseText"},"QuestionDescription":"In the past 2 weeks, on the days you smoked cigarettes, how many cigarettes did you smoke per day...","Choices":{"1":{"Display":"Less than one cigarette per day"},"2":{"Display":"1 cigarette per day"},"3":{"Display":"2 to 5 cigarettes per day"},"4":{"Display":"6 to 15 cigarettes per day (about \u00bd pack)"},"5":{"Display":"16 to 25 cigarettes per day (about 1 pack)"},"6":{"Display":"26 to 35 cigarettes per day (about 1\u00bd packs)"},"7":{"Display":"More than 35 cigarettes per day (about 2 packs or more)"}},"ChoiceOrder":[1,2,3,4,5,6,7],"Validation":{"Settings":{"ForceResponse":"OFF","ForceResponseType":"ON","Type":"None"}},"GradingData":[],"Language":[],"NextChoiceId":8,"NextAnswerId":1,"QuestionID":"QID27"}},{"SurveyID":"SV_6V9XIIH4alW5V6R","Element":"SQ","PrimaryAttribute":"QID29","SecondaryAttribute":"In the past 7 days, how often\u2026","TertiaryAttribute":null,"Payload":{"QuestionText":"<strong>In the past 7 days, how often\u2026<\/strong>","DefaultChoices":false,"DataExportTag":"Q29","QuestionType":"Matrix","Selector":"Likert","SubSelector":"SingleAnswer","Configuration":{"QuestionDescriptionOption":"UseText","TextPosition":"inline","ChoiceColumnWidth":25,"RepeatHeaders":"none","WhiteSpace":"OFF","MobileFirst":true},"QuestionDescription":"In the past 7 days, how often\u2026","Choices":{"1":{"Display":"Have you felt nervous, anxious, or on edge?"},"2":{"Display":"Have you felt depressed?"},"3":{"Display":"Have you felt lonely?"},"4":{"Display":"Have you felt hopeful about the future?"},"5":{"Display":"Have you had physical reactions, such as sweating, trouble breathing, nausea, or a pounding heart, when thinking about your experience (e.g., social distancing, loss of income\/work, concerns about infection) with the coronavirus\/COVID-19 pandemic?"}},"ChoiceOrder":[1,2,3,4,5],"Validation":{"Settings":{"ForceResponse":"OFF","ForceResponseType":"ON","Type":"None"}},"GradingData":[],"Language":[],"NextChoiceId":6,"NextAnswerId":5,"Answers":{"1":{"Display":"Not at all or less than 1 day"},"2":{"Display":"1-2 days"},"3":{"Display":"3-4 days"},"4":{"Display":"5-7 days"}},"AnswerOrder":[1,2,3,4],"ChoiceDataExportTags":false,"QuestionID":"QID29"}},{"SurveyID":"SV_6V9XIIH4alW5V6R","Element":"SQ","PrimaryAttribute":"QID12","SecondaryAttribute":"In the past week, about how many days do you take antiretroviral medicines?","TertiaryAttribute":null,"Payload":{"QuestionText":"In the past week, about how many days do you take antiretroviral medicines?","DataExportTag":"Q12","QuestionType":"MC","Selector":"SAVR","SubSelector":"TX","Configuration":{"QuestionDescriptionOption":"UseText"},"QuestionDescription":"In the past week, about how many days do you take antiretroviral medicines?","Choices":{"1":{"Display":"1 day per week"},"2":{"Display":"2 days per week"},"3":{"Display":"3 days per week"},"4":{"Display":"4 days per week"},"5":{"Display":"5 days per week"},"6":{"Display":"6 days per week"},"7":{"Display":"7 days per week"},"8":{"Display":"You did not take antiretroviral medicines in the past week"}},"ChoiceOrder":[1,2,3,4,5,6,7,8],"Validation":{"Settings":{"ForceResponse":"OFF","ForceResponseType":"ON","Type":"None"}},"Language":[],"NextChoiceId":9,"NextAnswerId":1,"QuestionID":"QID12","GradingData":[]}},{"SurveyID":"SV_6V9XIIH4alW5V6R","Element":"SQ","PrimaryAttribute":"QID8","SecondaryAttribute":"In the past week, about how many days do you take PrEP?","TertiaryAttribute":null,"Payload":{"QuestionText":"In the past week, about how many days do you take PrEP?","DataExportTag":"Q8","QuestionType":"MC","Selector":"SAVR","SubSelector":"TX","Configuration":{"QuestionDescriptionOption":"UseText"},"QuestionDescription":"In the past week, about how many days do you take PrEP?","Choices":{"1":{"Display":"1 day"},"2":{"Display":"2 days"},"3":{"Display":"3 days"},"4":{"Display":"4 days"},"5":{"Display":"5 days"},"6":{"Display":"6 days"},"7":{"Display":"7 days"},"8":{"Display":"I did not take PrEP in the past week"}},"ChoiceOrder":[1,2,3,4,5,6,7,8],"Validation":{"Settings":{"ForceResponse":"OFF","ForceResponseType":"ON","Type":"None"}},"GradingData":[],"Language":[],"NextChoiceId":9,"NextAnswerId":1,"QuestionID":"QID8"}},{"SurveyID":"SV_6V9XIIH4alW5V6R","Element":"SQ","PrimaryAttribute":"QID37","SecondaryAttribute":"What do you think protects people from becoming ill with coronavirus? Please check all that apply","TertiaryAttribute":null,"Payload":{"QuestionText":"What do you think protects people from becoming ill with coronavirus? Please check all that apply","DefaultChoices":false,"DataExportTag":"Q37","QuestionType":"MC","Selector":"MACOL","SubSelector":"TX","Configuration":{"QuestionDescriptionOption":"UseText","NumColumns":2},"QuestionDescription":"What do you think protects people from becoming ill with coronavirus? Please check all that apply","Choices":{"1":{"Display":"Staying away from others or practicing social distancing) (i.e., reducing your physical contact with other people in social, work, or school settings by avoiding large groups and staying 6 feet away from other people)"},"2":{"Display":"Taking HIV medications"},"3":{"Display":"Herbal remedies"},"4":{"Display":"Younger age"},"5":{"Display":"Washing hands with soap and water more frequently"},"6":{"Display":"Using hand sanitizer"},"7":{"Display":"Wearing a face mask when I go out"},"8":{"Display":"None of the above"}},"ChoiceOrder":[1,2,3,4,5,6,7,8],"Validation":{"Settings":{"ForceResponse":"OFF","ForceResponseType":"ON","Type":"None"}},"GradingData":[],"Language":[],"NextChoiceId":9,"NextAnswerId":1,"QuestionID":"QID37"}},{"SurveyID":"SV_6V9XIIH4alW5V6R","Element":"SQ","PrimaryAttribute":"QID21","SecondaryAttribute":"Which of the following types of intimate partner violence are you experiencing during COVID-19? C...","TertiaryAttribute":null,"Payload":{"QuestionText":"Which of the following types of intimate partner violence are you experiencing during COVID-19? Check all that apply.","DefaultChoices":false,"DataExportTag":"Q19","QuestionID":"QID21","QuestionType":"MC","Selector":"MACOL","SubSelector":"TX","Configuration":{"QuestionDescriptionOption":"UseText","NumColumns":2},"QuestionDescription":"Which of the following types of intimate partner violence are you experiencing during COVID-19? C...","Choices":{"1":{"Display":"You have been physically abused i.e., hit, kicked, or physically harmed by an intimate sexual partner"},"2":{"Display":"You have been sexually abused (i.e., raped or forced to have sex against my will, fondled without consent) by an intimate sexual partner"},"3":{"Display":"You have been emotionally abused (i.e., verbally attacked, put down) by an intimate sexual partner"},"4":{"Display":"You have been financially abused (i.e., had my bank accounts controlled)] by an intimate sexual partner"},"5":{"Display":"You have been intimidated by or made afraid of an intimate sexual partner"}},"ChoiceOrder":[1,2,3,4,5],"Validation":{"Settings":{"ForceResponse":"OFF","ForceResponseType":"ON","Type":"None"}},"GradingData":[],"Language":[],"NextChoiceId":6,"NextAnswerId":1}},{"SurveyID":"SV_6V9XIIH4alW5V6R","Element":"SQ","PrimaryAttribute":"QID32","SecondaryAttribute":"Why do you think you are very likely or extremely likely to become ill with coronavirus?","TertiaryAttribute":null,"Payload":{"QuestionText":"Why do you think you are very likely or extremely likely to become ill with coronavirus?","DefaultChoices":false,"DataExportTag":"Q32","QuestionType":"TE","Selector":"SL","Configuration":{"QuestionDescriptionOption":"UseText"},"QuestionDescription":"Why do you think you are very likely or extremely likely to become ill with coronavirus?","Validation":{"Settings":{"ForceResponse":"OFF","ForceResponseType":"ON","Type":"None"}},"GradingData":[],"Language":[],"NextChoiceId":4,"NextAnswerId":1,"SearchSource":{"AllowFreeResponse":"false"},"QuestionID":"QID32"}}]}